{
  "version": 4,
  "terraform_version": "1.6.6",
  "serial": 378,
  "lineage": "883f7111-9328-75c9-2af1-0617effa6ebe",
  "outputs": {
    "api_endpoint": {
      "value": "http://xai-api-lb-835033547.us-east-1.elb.amazonaws.com",
      "type": "string"
    },
    "api_load_balancer_dns": {
      "value": "xai-api-lb-835033547.us-east-1.elb.amazonaws.com",
      "type": "string"
    },
    "asg_name_primary": {
      "value": "xai-nodes-primary-asg",
      "type": "string"
    },
    "cloudwatch_log_group": {
      "value": "/aws/ec2/xai-testnet",
      "type": "string"
    },
    "deployment_info": {
      "value": {
        "api_endpoint": "http://xai-api-lb-835033547.us-east-1.elb.amazonaws.com",
        "explorer_url": "http://xai-api-lb-835033547.us-east-1.elb.amazonaws.com/explorer",
        "faucet_url": "http://xai-api-lb-835033547.us-east-1.elb.amazonaws.com/faucet",
        "metrics_url": "http://xai-api-lb-835033547.us-east-1.elb.amazonaws.com/metrics",
        "network": "testnet",
        "regions": [
          "us-east-1",
          "eu-west-1",
          "ap-southeast-1"
        ],
        "total_nodes": 4
      },
      "type": [
        "object",
        {
          "api_endpoint": "string",
          "explorer_url": "string",
          "faucet_url": "string",
          "metrics_url": "string",
          "network": "string",
          "regions": [
            "tuple",
            [
              "string",
              "string",
              "string"
            ]
          ],
          "total_nodes": "number"
        }
      ]
    },
    "instance_profile_name": {
      "value": "xai-blockchain-node-profile",
      "type": "string"
    },
    "launch_template_id": {
      "value": "lt-074a8f8fae6b98523",
      "type": "string"
    },
    "public_subnets": {
      "value": {
        "asia": [
          "subnet-0eaccf9684f8a8f41",
          "subnet-0e3e2c67035c652e8"
        ],
        "eu": [
          "subnet-0372ec3cc7496cd0d",
          "subnet-0121777f196d16502"
        ],
        "primary": [
          "subnet-05ebe242be426a4d8",
          "subnet-0304e235f3188f41c"
        ]
      },
      "type": [
        "object",
        {
          "asia": [
            "tuple",
            [
              "string",
              "string"
            ]
          ],
          "eu": [
            "tuple",
            [
              "string",
              "string"
            ]
          ],
          "primary": [
            "tuple",
            [
              "string",
              "string"
            ]
          ]
        }
      ]
    },
    "security_group_id": {
      "value": "sg-0fb5afb1371c840bc",
      "type": "string"
    },
    "vpc_ids": {
      "value": {
        "asia": "vpc-0f5d05635e191d199",
        "eu": "vpc-0d868eee07dbeb6ca",
        "primary": "vpc-0a19736eb2c4c5aa8"
      },
      "type": [
        "object",
        {
          "asia": "string",
          "eu": "string",
          "primary": "string"
        }
      ]
    }
  },
  "resources": [
    {
      "mode": "data",
      "type": "aws_ami",
      "name": "ubuntu",
      "provider": "provider[\"registry.terraform.io/hashicorp/aws\"]",
      "instances": [
        {
          "schema_version": 0,
          "attributes": {
            "architecture": "x86_64",
            "arn": "arn:aws:ec2:us-east-1::image/ami-03deb8c961063af8c",
            "block_device_mappings": [
              {
                "device_name": "/dev/sda1",
                "ebs": {
                  "delete_on_termination": "true",
                  "encrypted": "false",
                  "iops": "0",
                  "snapshot_id": "snap-0857ccdc177548e96",
                  "throughput": "0",
                  "volume_initialization_rate": "0",
                  "volume_size": "8",
                  "volume_type": "gp2"
                },
                "no_device": "",
                "virtual_name": ""
              },
              {
                "device_name": "/dev/sdb",
                "ebs": {},
                "no_device": "",
                "virtual_name": "ephemeral0"
              },
              {
                "device_name": "/dev/sdc",
                "ebs": {},
                "no_device": "",
                "virtual_name": "ephemeral1"
              }
            ],
            "boot_mode": "uefi-preferred",
            "creation_date": "2025-11-22T06:49:32.000Z",
            "deprecation_time": "2027-11-22T06:49:32.000Z",
            "description": "Canonical, Ubuntu, 22.04, amd64 jammy image",
            "ena_support": true,
            "executable_users": null,
            "filter": [
              {
                "name": "name",
                "values": [
                  "ubuntu/images/hvm-ssd/ubuntu-jammy-22.04-amd64-server-*"
                ]
              },
              {
                "name": "virtualization-type",
                "values": [
                  "hvm"
                ]
              }
            ],
            "hypervisor": "xen",
            "id": "ami-03deb8c961063af8c",
            "image_id": "ami-03deb8c961063af8c",
            "image_location": "amazon/ubuntu/images/hvm-ssd/ubuntu-jammy-22.04-amd64-server-20251122",
            "image_owner_alias": "amazon",
            "image_type": "machine",
            "imds_support": "",
            "include_deprecated": false,
            "kernel_id": "",
            "last_launched_time": "",
            "most_recent": true,
            "name": "ubuntu/images/hvm-ssd/ubuntu-jammy-22.04-amd64-server-20251122",
            "name_regex": null,
            "owner_id": "099720109477",
            "owners": [
              "099720109477"
            ],
            "platform": "",
            "platform_details": "Linux/UNIX",
            "product_codes": [],
            "public": true,
            "ramdisk_id": "",
            "root_device_name": "/dev/sda1",
            "root_device_type": "ebs",
            "root_snapshot_id": "snap-0857ccdc177548e96",
            "sriov_net_support": "simple",
            "state": "available",
            "state_reason": {
              "code": "UNSET",
              "message": "UNSET"
            },
            "tags": {},
            "timeouts": null,
            "tpm_support": "",
            "uefi_data": null,
            "usage_operation": "RunInstances",
            "virtualization_type": "hvm"
          },
          "sensitive_attributes": []
        }
      ]
    },
    {
      "mode": "managed",
      "type": "aws_autoscaling_group",
      "name": "blockchain_nodes_primary",
      "provider": "provider[\"registry.terraform.io/hashicorp/aws\"]",
      "instances": [
        {
          "schema_version": 1,
          "attributes": {
            "arn": "arn:aws:autoscaling:us-east-1:160813693969:autoScalingGroup:9c93e4e9-fa4a-41a4-a35b-bb562dee24d9:autoScalingGroupName/xai-nodes-primary-asg",
            "availability_zone_distribution": [
              {
                "capacity_distribution_strategy": "balanced-best-effort"
              }
            ],
            "availability_zones": [
              "us-east-1a",
              "us-east-1b"
            ],
            "capacity_rebalance": false,
            "capacity_reservation_specification": [
              {
                "capacity_reservation_preference": "default",
                "capacity_reservation_target": []
              }
            ],
            "context": "",
            "default_cooldown": 300,
            "default_instance_warmup": 0,
            "desired_capacity": 2,
            "desired_capacity_type": "",
            "enabled_metrics": [],
            "force_delete": false,
            "force_delete_warm_pool": false,
            "health_check_grace_period": 300,
            "health_check_type": "ELB",
            "id": "xai-nodes-primary-asg",
            "ignore_failed_scaling_activities": false,
            "initial_lifecycle_hook": [],
            "instance_maintenance_policy": [],
            "instance_refresh": [],
            "launch_configuration": "",
            "launch_template": [
              {
                "id": "lt-074a8f8fae6b98523",
                "name": "xai-node-20251122014257498900000006",
                "version": "$Latest"
              }
            ],
            "load_balancers": [],
            "max_instance_lifetime": 0,
            "max_size": 4,
            "metrics_granularity": "1Minute",
            "min_elb_capacity": null,
            "min_size": 2,
            "mixed_instances_policy": [],
            "name": "xai-nodes-primary-asg",
            "name_prefix": "",
            "placement_group": "",
            "predicted_capacity": 0,
            "protect_from_scale_in": false,
            "service_linked_role_arn": "arn:aws:iam::160813693969:role/aws-service-role/autoscaling.amazonaws.com/AWSServiceRoleForAutoScaling",
            "suspended_processes": [],
            "tag": [
              {
                "key": "Name",
                "propagate_at_launch": true,
                "value": "xai-node-primary"
              },
              {
                "key": "NodeType",
                "propagate_at_launch": true,
                "value": "blockchain"
              }
            ],
            "target_group_arns": [
              "arn:aws:elasticloadbalancing:us-east-1:160813693969:targetgroup/xai-api-tg/aeb1901ac8a87f7a"
            ],
            "termination_policies": [],
            "timeouts": null,
            "traffic_source": [
              {
                "identifier": "arn:aws:elasticloadbalancing:us-east-1:160813693969:targetgroup/xai-api-tg/aeb1901ac8a87f7a",
                "type": "elbv2"
              }
            ],
            "vpc_zone_identifier": [
              "subnet-0304e235f3188f41c",
              "subnet-05ebe242be426a4d8"
            ],
            "wait_for_capacity_timeout": "10m",
            "wait_for_elb_capacity": null,
            "warm_pool": [],
            "warm_pool_size": 0
          },
          "sensitive_attributes": [],
          "private": "eyJlMmJmYjczMC1lY2FhLTExZTYtOGY4OC0zNDM2M2JjN2M0YzAiOnsiZGVsZXRlIjo2MDAwMDAwMDAwMDAsInVwZGF0ZSI6NjAwMDAwMDAwMDAwfSwic2NoZW1hX3ZlcnNpb24iOiIxIn0=",
          "dependencies": [
            "aws_iam_instance_profile.blockchain_node",
            "aws_iam_role.blockchain_node",
            "aws_launch_template.blockchain_node",
            "aws_lb_target_group.api",
            "aws_security_group.blockchain_node",
            "data.aws_ami.ubuntu",
            "module.vpc_primary.aws_subnet.public",
            "module.vpc_primary.aws_vpc.this",
            "module.vpc_primary.aws_vpc_ipv4_cidr_block_association.this"
          ]
        }
      ]
    },
    {
      "mode": "managed",
      "type": "aws_cloudwatch_metric_alarm",
      "name": "billing_alarm",
      "provider": "provider[\"registry.terraform.io/hashicorp/aws\"]",
      "instances": [
        {
          "schema_version": 1,
          "attributes": {
            "actions_enabled": true,
            "alarm_actions": [],
            "alarm_description": "Alert when AWS charges exceed $100",
            "alarm_name": "xai-testnet-billing-alarm",
            "arn": "arn:aws:cloudwatch:us-east-1:160813693969:alarm:xai-testnet-billing-alarm",
            "comparison_operator": "GreaterThanThreshold",
            "datapoints_to_alarm": 0,
            "dimensions": {
              "Currency": "USD"
            },
            "evaluate_low_sample_count_percentiles": "",
            "evaluation_periods": 1,
            "extended_statistic": "",
            "id": "xai-testnet-billing-alarm",
            "insufficient_data_actions": [],
            "metric_name": "EstimatedCharges",
            "metric_query": [],
            "namespace": "AWS/Billing",
            "ok_actions": [],
            "period": 21600,
            "statistic": "Maximum",
            "tags": {
              "Name": "xai-testnet-billing-alarm"
            },
            "tags_all": {
              "Environment": "testnet",
              "ManagedBy": "Terraform",
              "Name": "xai-testnet-billing-alarm",
              "Project": "XAI-Blockchain"
            },
            "threshold": 100,
            "threshold_metric_id": "",
            "treat_missing_data": "notBreaching",
            "unit": ""
          },
          "sensitive_attributes": [],
          "private": "eyJzY2hlbWFfdmVyc2lvbiI6IjEifQ=="
        }
      ]
    },
    {
      "mode": "managed",
      "type": "aws_iam_instance_profile",
      "name": "blockchain_node",
      "provider": "provider[\"registry.terraform.io/hashicorp/aws\"]",
      "instances": [
        {
          "schema_version": 0,
          "attributes": {
            "arn": "arn:aws:iam::160813693969:instance-profile/xai-blockchain-node-profile",
            "create_date": "2025-11-22T01:42:46Z",
            "id": "xai-blockchain-node-profile",
            "name": "xai-blockchain-node-profile",
            "name_prefix": "",
            "path": "/",
            "role": "xai-blockchain-node-role",
            "tags": {},
            "tags_all": {
              "Environment": "testnet",
              "ManagedBy": "Terraform",
              "Project": "XAI-Blockchain"
            },
            "unique_id": "AIPASK4J6HQIW77IYQU7T"
          },
          "sensitive_attributes": [],
          "private": "bnVsbA==",
          "dependencies": [
            "aws_iam_role.blockchain_node"
          ]
        }
      ]
    },
    {
      "mode": "managed",
      "type": "aws_iam_role",
      "name": "blockchain_node",
      "provider": "provider[\"registry.terraform.io/hashicorp/aws\"]",
      "instances": [
        {
          "schema_version": 0,
          "attributes": {
            "arn": "arn:aws:iam::160813693969:role/xai-blockchain-node-role",
            "assume_role_policy": "{\"Statement\":[{\"Action\":\"sts:AssumeRole\",\"Effect\":\"Allow\",\"Principal\":{\"Service\":\"ec2.amazonaws.com\"}}],\"Version\":\"2012-10-17\"}",
            "create_date": "2025-11-22T01:42:46Z",
            "description": "",
            "force_detach_policies": false,
            "id": "xai-blockchain-node-role",
            "inline_policy": [
              {
                "name": "xai-s3-deployment-access",
                "policy": "{\"Version\":\"2012-10-17\",\"Statement\":[{\"Action\":[\"s3:GetObject\",\"s3:ListBucket\"],\"Effect\":\"Allow\",\"Resource\":[\"arn:aws:s3:::xai-testnet-deploy-artifacts-*\",\"arn:aws:s3:::xai-testnet-deploy-artifacts-*/*\"]}]}"
              }
            ],
            "managed_policy_arns": [
              "arn:aws:iam::aws:policy/AmazonSSMManagedInstanceCore",
              "arn:aws:iam::aws:policy/CloudWatchAgentServerPolicy"
            ],
            "max_session_duration": 3600,
            "name": "xai-blockchain-node-role",
            "name_prefix": "",
            "path": "/",
            "permissions_boundary": "",
            "tags": {},
            "tags_all": {
              "Environment": "testnet",
              "ManagedBy": "Terraform",
              "Project": "XAI-Blockchain"
            },
            "unique_id": "AROASK4J6HQI45FLVXFCR"
          },
          "sensitive_attributes": [],
          "private": "bnVsbA=="
        }
      ]
    },
    {
      "mode": "managed",
      "type": "aws_iam_role_policy",
      "name": "s3_deployment_access",
      "provider": "provider[\"registry.terraform.io/hashicorp/aws\"]",
      "instances": [
        {
          "schema_version": 0,
          "attributes": {
            "id": "xai-blockchain-node-role:xai-s3-deployment-access",
            "name": "xai-s3-deployment-access",
            "name_prefix": "",
            "policy": "{\"Version\":\"2012-10-17\",\"Statement\":[{\"Action\":[\"s3:GetObject\",\"s3:ListBucket\"],\"Effect\":\"Allow\",\"Resource\":[\"arn:aws:s3:::xai-testnet-deploy-artifacts-*\",\"arn:aws:s3:::xai-testnet-deploy-artifacts-*/*\"]}]}",
            "role": "xai-blockchain-node-role"
          },
          "sensitive_attributes": [],
          "private": "bnVsbA==",
          "dependencies": [
            "aws_iam_role.blockchain_node"
          ]
        }
      ]
    },
    {
      "mode": "managed",
      "type": "aws_iam_role_policy_attachment",
      "name": "cloudwatch",
      "provider": "provider[\"registry.terraform.io/hashicorp/aws\"]",
      "instances": [
        {
          "schema_version": 0,
          "attributes": {
            "id": "xai-blockchain-node-role-20251122014242542900000001",
            "policy_arn": "arn:aws:iam::aws:policy/CloudWatchAgentServerPolicy",
            "role": "xai-blockchain-node-role"
          },
          "sensitive_attributes": [],
          "private": "bnVsbA==",
          "dependencies": [
            "aws_iam_role.blockchain_node"
          ]
        }
      ]
    },
    {
      "mode": "managed",
      "type": "aws_iam_role_policy_attachment",
      "name": "ssm",
      "provider": "provider[\"registry.terraform.io/hashicorp/aws\"]",
      "instances": [
        {
          "schema_version": 0,
          "attributes": {
            "id": "xai-blockchain-node-role-20251122014242653300000002",
            "policy_arn": "arn:aws:iam::aws:policy/AmazonSSMManagedInstanceCore",
            "role": "xai-blockchain-node-role"
          },
          "sensitive_attributes": [],
          "private": "bnVsbA==",
          "dependencies": [
            "aws_iam_role.blockchain_node"
          ]
        }
      ]
    },
    {
      "mode": "managed",
      "type": "aws_launch_template",
      "name": "blockchain_node",
      "provider": "provider[\"registry.terraform.io/hashicorp/aws\"]",
      "instances": [
        {
          "schema_version": 0,
          "attributes": {
            "arn": "arn:aws:ec2:us-east-1:160813693969:launch-template/lt-074a8f8fae6b98523",
            "block_device_mappings": [
              {
                "device_name": "/dev/sda1",
                "ebs": [
                  {
                    "delete_on_termination": "false",
                    "encrypted": "true",
                    "iops": 0,
                    "kms_key_id": "",
                    "snapshot_id": "",
                    "throughput": 0,
                    "volume_initialization_rate": 0,
                    "volume_size": 50,
                    "volume_type": "gp3"
                  }
                ],
                "no_device": "",
                "virtual_name": ""
              }
            ],
            "capacity_reservation_specification": [],
            "cpu_options": [],
            "credit_specification": [],
            "default_version": 1,
            "description": "",
            "disable_api_stop": false,
            "disable_api_termination": false,
            "ebs_optimized": "",
            "elastic_gpu_specifications": [],
            "elastic_inference_accelerator": [],
            "enclave_options": [],
            "hibernation_options": [],
            "iam_instance_profile": [
              {
                "arn": "",
                "name": "xai-blockchain-node-profile"
              }
            ],
            "id": "lt-074a8f8fae6b98523",
            "image_id": "ami-03deb8c961063af8c",
            "instance_initiated_shutdown_behavior": "",
            "instance_market_options": [],
            "instance_requirements": [],
            "instance_type": "t3.small",
            "kernel_id": "",
            "key_name": "",
            "latest_version": 9,
            "license_specification": [],
            "maintenance_options": [],
            "metadata_options": [],
            "monitoring": [],
            "name": "xai-node-20251122014257498900000006",
            "name_prefix": "xai-node-",
            "network_interfaces": [
              {
                "associate_carrier_ip_address": "",
                "associate_public_ip_address": "true",
                "connection_tracking_specification": [],
                "delete_on_termination": "true",
                "description": "",
                "device_index": 0,
                "ena_srd_specification": [],
                "interface_type": "",
                "ipv4_address_count": 0,
                "ipv4_addresses": [],
                "ipv4_prefix_count": 0,
                "ipv4_prefixes": [],
                "ipv6_address_count": 0,
                "ipv6_addresses": [],
                "ipv6_prefix_count": 0,
                "ipv6_prefixes": [],
                "network_card_index": 0,
                "network_interface_id": "",
                "primary_ipv6": "",
                "private_ip_address": "",
                "security_groups": [
                  "sg-0fb5afb1371c840bc"
                ],
                "subnet_id": ""
              }
            ],
            "placement": [],
            "private_dns_name_options": [],
            "ram_disk_id": "",
            "security_group_names": [],
            "tag_specifications": [
              {
                "resource_type": "instance",
                "tags": {
                  "Name": "xai-blockchain-node"
                }
              }
            ],
            "tags": {},
            "tags_all": {
              "Environment": "testnet",
              "ManagedBy": "Terraform",
              "Project": "XAI-Blockchain"
            },
            "update_default_version": null,
            "user_data": "IyEvYmluL2Jhc2gNCiMgQUlYTiBCbG9ja2NoYWluIE5vZGUgQm9vdHN0cmFwIFNjcmlwdA0KIyBUaGlzIHNjcmlwdCBydW5zIG9uIEVDMiBpbnN0YW5jZSBsYXVuY2gNCg0Kc2V0IC1lDQoNCiMgTG9nZ2luZw0KZXhlYyA+ID4odGVlIC92YXIvbG9nL3VzZXItZGF0YS5sb2cpDQpleGVjIDI+JjENCg0KZWNobyAiPT09IEFJWE4gQmxvY2tjaGFpbiBOb2RlIEJvb3RzdHJhcCBTdGFydGluZyA9PT0iDQplY2hvICJOb2RlOiBwcmltYXJ5LW5vZGUiDQplY2hvICJSZWdpb246IHVzLWVhc3QtMSINCmVjaG8gIlRpbWVzdGFtcDogJChkYXRlKSINCg0KIyBVcGRhdGUgc3lzdGVtDQphcHQtZ2V0IHVwZGF0ZQ0KYXB0LWdldCB1cGdyYWRlIC15DQoNCiMgSW5zdGFsbCBkZXBlbmRlbmNpZXMgKERFRkVDVC0wMDkgZml4OiBweXRob24zLjExLXZlbnYgZm9yIFB5dGhvbiAzLjExKQ0KYXB0LWdldCBpbnN0YWxsIC15IFwNCiAgICBweXRob24zLjExIFwNCiAgICBweXRob24zLjExLXZlbnYgXA0KICAgIHB5dGhvbjMtcGlwIFwNCiAgICBnaXQgXA0KICAgIGRvY2tlci5pbyBcDQogICAgZG9ja2VyLWNvbXBvc2UgXA0KICAgIGF3c2NsaSBcDQogICAganEgXA0KICAgIGN1cmwgXA0KICAgIHdnZXQgXA0KICAgIGh0b3AgXA0KICAgIG5ldC10b29scw0KDQojIFN0YXJ0IGFuZCBlbmFibGUgRG9ja2VyDQpzeXN0ZW1jdGwgc3RhcnQgZG9ja2VyDQpzeXN0ZW1jdGwgZW5hYmxlIGRvY2tlcg0KDQojIEFkZCB1YnVudHUgdXNlciB0byBkb2NrZXIgZ3JvdXANCnVzZXJtb2QgLWFHIGRvY2tlciB1YnVudHUNCg0KIyBJbnN0YWxsIERvY2tlciBDb21wb3NlIHYyDQpta2RpciAtcCAvdXNyL2xvY2FsL2xpYi9kb2NrZXIvY2xpLXBsdWdpbnMNCmN1cmwgLVNMIGh0dHBzOi8vZ2l0aHViLmNvbS9kb2NrZXIvY29tcG9zZS9yZWxlYXNlcy9kb3dubG9hZC92Mi4yMy4wL2RvY2tlci1jb21wb3NlLWxpbnV4LXg4Nl82NCAtbyAvdXNyL2xvY2FsL2xpYi9kb2NrZXIvY2xpLXBsdWdpbnMvZG9ja2VyLWNvbXBvc2UNCmNobW9kICt4IC91c3IvbG9jYWwvbGliL2RvY2tlci9jbGktcGx1Z2lucy9kb2NrZXItY29tcG9zZQ0KDQojIENyZWF0ZSBhcHBsaWNhdGlvbiBkaXJlY3RvcnkNCm1rZGlyIC1wIC9vcHQvYWl4bg0KY2QgL29wdC9haXhuDQoNCiMgRklYIERFRkVDVC0wMDIgJiBERUZFQ1QtMDA0OiBEb3dubG9hZCBjb2RlIGZyb20gUzMgYW5kIHJ1biBkaXJlY3RseQ0KQVdTX0FDQ09VTlRfSUQ9JChhd3Mgc3RzIGdldC1jYWxsZXItaWRlbnRpdHkgLS1xdWVyeSBBY2NvdW50IC0tb3V0cHV0IHRleHQpDQpTM19CVUNLRVQ9ImFpeG4tdGVzdG5ldC1kZXBsb3ktYXJ0aWZhY3RzLSRBV1NfQUNDT1VOVF9JRCINCmF3cyBzMyBjcCAiczM6Ly8kUzNfQlVDS0VUL2FpeG4tYmxvY2tjaGFpbi12MS4wLjAudGFyLmd6IiAvdG1wL2FpeG4tYmxvY2tjaGFpbi50YXIuZ3oNCnRhciAteHpmIC90bXAvYWl4bi1ibG9ja2NoYWluLnRhci5neiAtQyAvb3B0L2FpeG4NCnJtIC90bXAvYWl4bi1ibG9ja2NoYWluLnRhci5neg0KDQojIENyZWF0ZSBQeXRob24gdmlydHVhbCBlbnZpcm9ubWVudA0KcHl0aG9uMy4xMSAtbSB2ZW52IHZlbnYNCnNvdXJjZSB2ZW52L2Jpbi9hY3RpdmF0ZQ0KDQojIEluc3RhbGwgZGVwZW5kZW5jaWVzIGRpcmVjdGx5IChza2lwIHBpcCBpbnN0YWxsIC1lIC4pIC0gRklYIERFRkVDVC0wMDcNCnBpcCBpbnN0YWxsIC0tdXBncmFkZSBwaXANCnBpcCBpbnN0YWxsIGZsYXNrIGZsYXNrLWNvcnMgZmxhc2stc29jayByZXF1ZXN0cyBjcnlwdG9ncmFwaHkgZWNkc2EgcHl5YW1sIHByb21ldGhldXMtY2xpZW50DQoNCiMgQ3JlYXRlIGJsb2NrY2hhaW4gZGF0YSBkaXJlY3RvcnkNCm1rZGlyIC1wIC92YXIvbGliL2FpeG4vYmxvY2tjaGFpbl9kYXRhDQpjaG93biAtUiB1YnVudHU6dWJ1bnR1IC92YXIvbGliL2FpeG4NCg0KIyBDb25maWd1cmUgbm9kZSAoRklYIERFRkVDVC0wMDUgJiBERUZFQ1QtMDA2OiBQb3J0ICsgSG9zdCBiaW5kaW5nKQ0KY2F0ID4gL29wdC9haXhuLy5lbnYgPDxFT0YNCk5PREVfTkFNRT1wcmltYXJ5LW5vZGUNClJFR0lPTj11cy1lYXN0LTENClAyUF9QT1JUPTgzMzMNCkFJWE5fREVGQVVMVF9IT1NUPTAuMC4wLjANCkFJWE5fREVGQVVMVF9QT1JUPTUwMDANCkFJWE5fQVBJX1BPUlQ9NTAwMA0KREFUQV9ESVI9L3Zhci9saWIvYWl4bi9ibG9ja2NoYWluX2RhdGENClhBSV9ORVRXT1JLPXRlc3RuZXQNCkxPR19MRVZFTD1JTkZPDQpFTkFCTEVfTUlOSU5HPXRydWUNCkVOQUJMRV9BUEk9dHJ1ZQ0KRU5BQkxFX01FVFJJQ1M9dHJ1ZQ0KUFJPTUVUSEVVU19QT1JUPTkwOTANCkVPRg0KDQojIENyZWF0ZSBzeXN0ZW1kIHNlcnZpY2UgZm9yIGJsb2NrY2hhaW4gbm9kZQ0KY2F0ID4gL2V0Yy9zeXN0ZW1kL3N5c3RlbS9haXhuLW5vZGUuc2VydmljZSA8PEVPRg0KW1VuaXRdDQpEZXNjcmlwdGlvbj1BSVhOIEJsb2NrY2hhaW4gTm9kZQ0KQWZ0ZXI9bmV0d29yay50YXJnZXQNCg0KW1NlcnZpY2VdDQpUeXBlPXNpbXBsZQ0KVXNlcj11YnVudHUNCkdyb3VwPXVidW50dQ0KV29ya2luZ0RpcmVjdG9yeT0vb3B0L2FpeG4NCkVudmlyb25tZW50PVBBVEg9L29wdC9haXhuL3ZlbnYvYmluOi91c3IvbG9jYWwvc2JpbjovdXNyL2xvY2FsL2JpbjovdXNyL3NiaW46L3Vzci9iaW46L3NiaW46L2Jpbg0KRW52aXJvbm1lbnQ9UFlUSE9OUEFUSD0vb3B0L2FpeG4vc3JjDQpFbnZpcm9ubWVudEZpbGU9L29wdC9haXhuLy5lbnYNCkV4ZWNTdGFydD0vb3B0L2FpeG4vdmVudi9iaW4vcHl0aG9uMy4xMSAtbSBhaXhuLmNvcmUubm9kZQ0KUmVzdGFydD1hbHdheXMNClJlc3RhcnRTZWM9MTANClN0YW5kYXJkT3V0cHV0PWpvdXJuYWwNClN0YW5kYXJkRXJyb3I9am91cm5hbA0KU3lzbG9nSWRlbnRpZmllcj1haXhuLW5vZGUNCg0KW0luc3RhbGxdDQpXYW50ZWRCeT1tdWx0aS11c2VyLnRhcmdldA0KRU9GDQoNCiMgSW5zdGFsbCBDbG91ZFdhdGNoIGFnZW50DQp3Z2V0IGh0dHBzOi8vczMuYW1hem9uYXdzLmNvbS9hbWF6b25jbG91ZHdhdGNoLWFnZW50L3VidW50dS9hbWQ2NC9sYXRlc3QvYW1hem9uLWNsb3Vkd2F0Y2gtYWdlbnQuZGViDQpkcGtnIC1pIGFtYXpvbi1jbG91ZHdhdGNoLWFnZW50LmRlYg0KDQojIENvbmZpZ3VyZSBDbG91ZFdhdGNoIGFnZW50DQpjYXQgPiAvb3B0L2F3cy9hbWF6b24tY2xvdWR3YXRjaC1hZ2VudC9ldGMvY29uZmlnLmpzb24gPDxFT0YNCnsNCiAgImxvZ3MiOiB7DQogICAgImxvZ3NfY29sbGVjdGVkIjogew0KICAgICAgImZpbGVzIjogew0KICAgICAgICAiY29sbGVjdF9saXN0IjogWw0KICAgICAgICAgIHsNCiAgICAgICAgICAgICJmaWxlX3BhdGgiOiAiL3Zhci9sb2cvYWl4bi8qLmxvZyIsDQogICAgICAgICAgICAibG9nX2dyb3VwX25hbWUiOiAiL2F3cy9lYzIvYWl4bi10ZXN0bmV0IiwNCiAgICAgICAgICAgICJsb2dfc3RyZWFtX25hbWUiOiAicHJpbWFyeS1ub2RlLXtpbnN0YW5jZV9pZH0iDQogICAgICAgICAgfQ0KICAgICAgICBdDQogICAgICB9DQogICAgfQ0KICB9LA0KICAibWV0cmljcyI6IHsNCiAgICAibmFtZXNwYWNlIjogIkFJWE4vVGVzdG5ldCIsDQogICAgIm1ldHJpY3NfY29sbGVjdGVkIjogew0KICAgICAgImNwdSI6IHsNCiAgICAgICAgIm1lYXN1cmVtZW50IjogWw0KICAgICAgICAgIHsibmFtZSI6ICJjcHVfdXNhZ2VfaWRsZSIsICJyZW5hbWUiOiAiQ1BVX0lETEUiLCAidW5pdCI6ICJQZXJjZW50In0NCiAgICAgICAgXSwNCiAgICAgICAgIm1ldHJpY3NfY29sbGVjdGlvbl9pbnRlcnZhbCI6IDYwDQogICAgICB9LA0KICAgICAgImRpc2siOiB7DQogICAgICAgICJtZWFzdXJlbWVudCI6IFsNCiAgICAgICAgICB7Im5hbWUiOiAidXNlZF9wZXJjZW50IiwgInJlbmFtZSI6ICJESVNLX1VTRUQiLCAidW5pdCI6ICJQZXJjZW50In0NCiAgICAgICAgXSwNCiAgICAgICAgIm1ldHJpY3NfY29sbGVjdGlvbl9pbnRlcnZhbCI6IDYwLA0KICAgICAgICAicmVzb3VyY2VzIjogWyIqIl0NCiAgICAgIH0sDQogICAgICAibWVtIjogew0KICAgICAgICAibWVhc3VyZW1lbnQiOiBbDQogICAgICAgICAgeyJuYW1lIjogIm1lbV91c2VkX3BlcmNlbnQiLCAicmVuYW1lIjogIk1FTV9VU0VEIiwgInVuaXQiOiAiUGVyY2VudCJ9DQogICAgICAgIF0sDQogICAgICAgICJtZXRyaWNzX2NvbGxlY3Rpb25faW50ZXJ2YWwiOiA2MA0KICAgICAgfQ0KICAgIH0NCiAgfQ0KfQ0KRU9GDQoNCiMgU3RhcnQgQ2xvdWRXYXRjaCBhZ2VudA0KL29wdC9hd3MvYW1hem9uLWNsb3Vkd2F0Y2gtYWdlbnQvYmluL2FtYXpvbi1jbG91ZHdhdGNoLWFnZW50LWN0bCBcDQogICAgLWEgZmV0Y2gtY29uZmlnIFwNCiAgICAtbSBlYzIgXA0KICAgIC1zIFwNCiAgICAtYyBmaWxlOi9vcHQvYXdzL2FtYXpvbi1jbG91ZHdhdGNoLWFnZW50L2V0Yy9jb25maWcuanNvbg0KDQojIEdldCBib290c3RyYXAgcGVlcnMgZnJvbSBQYXJhbWV0ZXIgU3RvcmUgKGlmIGF2YWlsYWJsZSkNCkJPT1RTVFJBUF9QRUVSUz0kKGF3cyBzc20gZ2V0LXBhcmFtZXRlciAtLW5hbWUgIi9haXhuL3Rlc3RuZXQvYm9vdHN0cmFwLXBlZXJzIiAtLXF1ZXJ5ICJQYXJhbWV0ZXIuVmFsdWUiIC0tb3V0cHV0IHRleHQgMj4vZGV2L251bGwgfHwgZWNobyAiIikNCg0KaWYgWyAtbiAiJEJPT1RTVFJBUF9QRUVSUyIgXTsgdGhlbg0KICAgIGVjaG8gIkJPT1RTVFJBUF9QRUVSUz0kQk9PVFNUUkFQX1BFRVJTIiA+PiAvb3B0L2FpeG4vLmVudg0KZmkNCg0KIyBTZXQgb3duZXJzaGlwDQpjaG93biAtUiB1YnVudHU6dWJ1bnR1IC9vcHQvYWl4bg0KDQojIEVuYWJsZSBhbmQgc3RhcnQgdGhlIHNlcnZpY2UNCnN5c3RlbWN0bCBkYWVtb24tcmVsb2FkDQpzeXN0ZW1jdGwgZW5hYmxlIGFpeG4tbm9kZQ0Kc3lzdGVtY3RsIHN0YXJ0IGFpeG4tbm9kZQ0KDQojIFdhaXQgZm9yIG5vZGUgdG8gc3RhcnQNCnNsZWVwIDEwDQoNCiMgQ2hlY2sgbm9kZSBzdGF0dXMNCnN5c3RlbWN0bCBzdGF0dXMgYWl4bi1ub2RlIC0tbm8tcGFnZXINCg0KIyBHZXQgbm9kZSBpbmZvIGFuZCByZWdpc3RlciB3aXRoIFBhcmFtZXRlciBTdG9yZQ0KTk9ERV9JUD0kKGN1cmwgLXMgaHR0cDovLzE2OS4yNTQuMTY5LjI1NC9sYXRlc3QvbWV0YS1kYXRhL3B1YmxpYy1pcHY0KQ0KSU5TVEFOQ0VfSUQ9JChjdXJsIC1zIGh0dHA6Ly8xNjkuMjU0LjE2OS4yNTQvbGF0ZXN0L21ldGEtZGF0YS9pbnN0YW5jZS1pZCkNCg0KIyBTdG9yZSBub2RlIGluZm9ybWF0aW9uDQphd3Mgc3NtIHB1dC1wYXJhbWV0ZXIgXA0KICAgIC0tbmFtZSAiL2FpeG4vdGVzdG5ldC9ub2Rlcy9wcmltYXJ5LW5vZGUiIFwNCiAgICAtLXZhbHVlICJ7XCJpcFwiOlwiJE5PREVfSVBcIixcImluc3RhbmNlX2lkXCI6XCIkSU5TVEFOQ0VfSURcIixcInJlZ2lvblwiOlwidXMtZWFzdC0xXCJ9IiBcDQogICAgLS10eXBlIFN0cmluZyBcDQogICAgLS1vdmVyd3JpdGUgXA0KICAgIC0tcmVnaW9uIHVzLWVhc3QtMQ0KDQplY2hvICI9PT0gQUlYTiBCbG9ja2NoYWluIE5vZGUgQm9vdHN0cmFwIENvbXBsZXRlID09PSINCmVjaG8gIk5vZGUgSVA6ICROT0RFX0lQIg0KZWNobyAiSW5zdGFuY2UgSUQ6ICRJTlNUQU5DRV9JRCINCmVjaG8gIkNoZWNrIHN0YXR1czogc3lzdGVtY3RsIHN0YXR1cyBhaXhuLW5vZGUiDQplY2hvICJWaWV3IGxvZ3M6IGpvdXJuYWxjdGwgLXUgYWl4bi1ub2RlIC1mIg0K",
            "vpc_security_group_ids": []
          },
          "sensitive_attributes": [],
          "private": "bnVsbA==",
          "dependencies": [
            "aws_iam_instance_profile.blockchain_node",
            "aws_iam_role.blockchain_node",
            "aws_security_group.blockchain_node",
            "data.aws_ami.ubuntu",
            "module.vpc_primary.aws_vpc.this"
          ]
        }
      ]
    },
    {
      "mode": "managed",
      "type": "aws_lb",
      "name": "api",
      "provider": "provider[\"registry.terraform.io/hashicorp/aws\"]",
      "instances": [
        {
          "schema_version": 0,
          "attributes": {
            "access_logs": [
              {
                "bucket": "",
                "enabled": false,
                "prefix": ""
              }
            ],
            "arn": "arn:aws:elasticloadbalancing:us-east-1:160813693969:loadbalancer/app/xai-api-lb/580b4000fb04478a",
            "arn_suffix": "app/xai-api-lb/580b4000fb04478a",
            "client_keep_alive": 3600,
            "connection_logs": [
              {
                "bucket": "",
                "enabled": false,
                "prefix": ""
              }
            ],
            "customer_owned_ipv4_pool": "",
            "desync_mitigation_mode": "defensive",
            "dns_name": "xai-api-lb-835033547.us-east-1.elb.amazonaws.com",
            "dns_record_client_routing_policy": null,
            "drop_invalid_header_fields": false,
            "enable_cross_zone_load_balancing": true,
            "enable_deletion_protection": false,
            "enable_http2": true,
            "enable_tls_version_and_cipher_suite_headers": false,
            "enable_waf_fail_open": false,
            "enable_xff_client_port": false,
            "enable_zonal_shift": false,
            "enforce_security_group_inbound_rules_on_private_link_traffic": "",
            "id": "arn:aws:elasticloadbalancing:us-east-1:160813693969:loadbalancer/app/xai-api-lb/580b4000fb04478a",
            "idle_timeout": 60,
            "internal": false,
            "ip_address_type": "ipv4",
            "ipam_pools": [],
            "load_balancer_type": "application",
            "minimum_load_balancer_capacity": [],
            "name": "xai-api-lb",
            "name_prefix": "",
            "preserve_host_header": false,
            "security_groups": [
              "sg-0e0d728edc031564d"
            ],
            "subnet_mapping": [
              {
                "allocation_id": "",
                "ipv6_address": "",
                "outpost_id": "",
                "private_ipv4_address": "",
                "subnet_id": "subnet-0304e235f3188f41c"
              },
              {
                "allocation_id": "",
                "ipv6_address": "",
                "outpost_id": "",
                "private_ipv4_address": "",
                "subnet_id": "subnet-05ebe242be426a4d8"
              }
            ],
            "subnets": [
              "subnet-0304e235f3188f41c",
              "subnet-05ebe242be426a4d8"
            ],
            "tags": {
              "Name": "xai-api-lb"
            },
            "tags_all": {
              "Environment": "testnet",
              "ManagedBy": "Terraform",
              "Name": "xai-api-lb",
              "Project": "XAI-Blockchain"
            },
            "timeouts": null,
            "vpc_id": "vpc-0a19736eb2c4c5aa8",
            "xff_header_processing_mode": "append",
            "zone_id": "Z35SXDOTRQ7X7K"
          },
          "sensitive_attributes": [],
          "private": "eyJlMmJmYjczMC1lY2FhLTExZTYtOGY4OC0zNDM2M2JjN2M0YzAiOnsiY3JlYXRlIjo2MDAwMDAwMDAwMDAsImRlbGV0ZSI6NjAwMDAwMDAwMDAwLCJ1cGRhdGUiOjYwMDAwMDAwMDAwMH19",
          "dependencies": [
            "aws_security_group.alb",
            "module.vpc_primary.aws_subnet.public",
            "module.vpc_primary.aws_vpc.this",
            "module.vpc_primary.aws_vpc_ipv4_cidr_block_association.this"
          ]
        }
      ]
    },
    {
      "mode": "managed",
      "type": "aws_lb_listener",
      "name": "api",
      "provider": "provider[\"registry.terraform.io/hashicorp/aws\"]",
      "instances": [
        {
          "schema_version": 0,
          "attributes": {
            "alpn_policy": null,
            "arn": "arn:aws:elasticloadbalancing:us-east-1:160813693969:listener/app/xai-api-lb/580b4000fb04478a/a289a2ce9dc02e98",
            "certificate_arn": null,
            "default_action": [
              {
                "authenticate_cognito": [],
                "authenticate_oidc": [],
                "fixed_response": [],
                "forward": [],
                "order": 1,
                "redirect": [],
                "target_group_arn": "arn:aws:elasticloadbalancing:us-east-1:160813693969:targetgroup/xai-api-tg/aeb1901ac8a87f7a",
                "type": "forward"
              }
            ],
            "id": "arn:aws:elasticloadbalancing:us-east-1:160813693969:listener/app/xai-api-lb/580b4000fb04478a/a289a2ce9dc02e98",
            "load_balancer_arn": "arn:aws:elasticloadbalancing:us-east-1:160813693969:loadbalancer/app/xai-api-lb/580b4000fb04478a",
            "mutual_authentication": [],
            "port": 80,
            "protocol": "HTTP",
            "routing_http_request_x_amzn_mtls_clientcert_header_name": null,
            "routing_http_request_x_amzn_mtls_clientcert_issuer_header_name": null,
            "routing_http_request_x_amzn_mtls_clientcert_leaf_header_name": null,
            "routing_http_request_x_amzn_mtls_clientcert_serial_number_header_name": null,
            "routing_http_request_x_amzn_mtls_clientcert_subject_header_name": null,
            "routing_http_request_x_amzn_mtls_clientcert_validity_header_name": null,
            "routing_http_request_x_amzn_tls_cipher_suite_header_name": null,
            "routing_http_request_x_amzn_tls_version_header_name": null,
            "routing_http_response_access_control_allow_credentials_header_value": "",
            "routing_http_response_access_control_allow_headers_header_value": "",
            "routing_http_response_access_control_allow_methods_header_value": "",
            "routing_http_response_access_control_allow_origin_header_value": "",
            "routing_http_response_access_control_expose_headers_header_value": "",
            "routing_http_response_access_control_max_age_header_value": "",
            "routing_http_response_content_security_policy_header_value": "",
            "routing_http_response_server_enabled": true,
            "routing_http_response_strict_transport_security_header_value": "",
            "routing_http_response_x_content_type_options_header_value": "",
            "routing_http_response_x_frame_options_header_value": "",
            "ssl_policy": "",
            "tags": {},
            "tags_all": {
              "Environment": "testnet",
              "ManagedBy": "Terraform",
              "Project": "XAI-Blockchain"
            },
            "tcp_idle_timeout_seconds": null,
            "timeouts": null
          },
          "sensitive_attributes": [],
          "private": "eyJlMmJmYjczMC1lY2FhLTExZTYtOGY4OC0zNDM2M2JjN2M0YzAiOnsiY3JlYXRlIjozMDAwMDAwMDAwMDAsInVwZGF0ZSI6MzAwMDAwMDAwMDAwfX0=",
          "dependencies": [
            "aws_lb.api",
            "aws_lb_target_group.api",
            "aws_security_group.alb",
            "module.vpc_primary.aws_subnet.public",
            "module.vpc_primary.aws_vpc.this",
            "module.vpc_primary.aws_vpc_ipv4_cidr_block_association.this"
          ]
        }
      ]
    },
    {
      "mode": "managed",
      "type": "aws_lb_target_group",
      "name": "api",
      "provider": "provider[\"registry.terraform.io/hashicorp/aws\"]",
      "instances": [
        {
          "schema_version": 0,
          "attributes": {
            "arn": "arn:aws:elasticloadbalancing:us-east-1:160813693969:targetgroup/xai-api-tg/aeb1901ac8a87f7a",
            "arn_suffix": "targetgroup/xai-api-tg/aeb1901ac8a87f7a",
            "connection_termination": null,
            "deregistration_delay": "300",
            "health_check": [
              {
                "enabled": true,
                "healthy_threshold": 2,
                "interval": 30,
                "matcher": "200",
                "path": "/health",
                "port": "traffic-port",
                "protocol": "HTTP",
                "timeout": 5,
                "unhealthy_threshold": 2
              }
            ],
            "id": "arn:aws:elasticloadbalancing:us-east-1:160813693969:targetgroup/xai-api-tg/aeb1901ac8a87f7a",
            "ip_address_type": "ipv4",
            "lambda_multi_value_headers_enabled": false,
            "load_balancer_arns": [
              "arn:aws:elasticloadbalancing:us-east-1:160813693969:loadbalancer/app/xai-api-lb/580b4000fb04478a"
            ],
            "load_balancing_algorithm_type": "round_robin",
            "load_balancing_anomaly_mitigation": "off",
            "load_balancing_cross_zone_enabled": "use_load_balancer_configuration",
            "name": "xai-api-tg",
            "name_prefix": "",
            "port": 5000,
            "preserve_client_ip": null,
            "protocol": "HTTP",
            "protocol_version": "HTTP1",
            "proxy_protocol_v2": false,
            "slow_start": 0,
            "stickiness": [
              {
                "cookie_duration": 86400,
                "cookie_name": "",
                "enabled": false,
                "type": "lb_cookie"
              }
            ],
            "tags": {
              "Name": "xai-api-tg"
            },
            "tags_all": {
              "Environment": "testnet",
              "ManagedBy": "Terraform",
              "Name": "xai-api-tg",
              "Project": "XAI-Blockchain"
            },
            "target_failover": [
              {
                "on_deregistration": null,
                "on_unhealthy": null
              }
            ],
            "target_group_health": [
              {
                "dns_failover": [
                  {
                    "minimum_healthy_targets_count": "1",
                    "minimum_healthy_targets_percentage": "off"
                  }
                ],
                "unhealthy_state_routing": [
                  {
                    "minimum_healthy_targets_count": 1,
                    "minimum_healthy_targets_percentage": "off"
                  }
                ]
              }
            ],
            "target_health_state": [
              {
                "enable_unhealthy_connection_termination": null,
                "unhealthy_draining_interval": null
              }
            ],
            "target_type": "instance",
            "vpc_id": "vpc-0a19736eb2c4c5aa8"
          },
          "sensitive_attributes": [],
          "private": "bnVsbA==",
          "dependencies": [
            "module.vpc_primary.aws_vpc.this"
          ]
        }
      ]
    },
    {
      "mode": "managed",
      "type": "aws_security_group",
      "name": "alb",
      "provider": "provider[\"registry.terraform.io/hashicorp/aws\"]",
      "instances": [
        {
          "schema_version": 1,
          "attributes": {
            "arn": "arn:aws:ec2:us-east-1:160813693969:security-group/sg-0e0d728edc031564d",
            "description": "Managed by Terraform",
            "egress": [
              {
                "cidr_blocks": [
                  "0.0.0.0/0"
                ],
                "description": "",
                "from_port": 0,
                "ipv6_cidr_blocks": [],
                "prefix_list_ids": [],
                "protocol": "-1",
                "security_groups": [],
                "self": false,
                "to_port": 0
              }
            ],
            "id": "sg-0e0d728edc031564d",
            "ingress": [
              {
                "cidr_blocks": [
                  "0.0.0.0/0"
                ],
                "description": "",
                "from_port": 443,
                "ipv6_cidr_blocks": [],
                "prefix_list_ids": [],
                "protocol": "tcp",
                "security_groups": [],
                "self": false,
                "to_port": 443
              },
              {
                "cidr_blocks": [
                  "0.0.0.0/0"
                ],
                "description": "",
                "from_port": 80,
                "ipv6_cidr_blocks": [],
                "prefix_list_ids": [],
                "protocol": "tcp",
                "security_groups": [],
                "self": false,
                "to_port": 80
              }
            ],
            "name": "xai-alb-sg-20251122014254190800000004",
            "name_prefix": "xai-alb-sg-",
            "owner_id": "160813693969",
            "revoke_rules_on_delete": false,
            "tags": {},
            "tags_all": {
              "Environment": "testnet",
              "ManagedBy": "Terraform",
              "Project": "XAI-Blockchain"
            },
            "timeouts": null,
            "vpc_id": "vpc-0a19736eb2c4c5aa8"
          },
          "sensitive_attributes": [],
          "private": "eyJlMmJmYjczMC1lY2FhLTExZTYtOGY4OC0zNDM2M2JjN2M0YzAiOnsiY3JlYXRlIjo2MDAwMDAwMDAwMDAsImRlbGV0ZSI6OTAwMDAwMDAwMDAwfSwic2NoZW1hX3ZlcnNpb24iOiIxIn0=",
          "dependencies": [
            "module.vpc_primary.aws_vpc.this"
          ]
        }
      ]
    },
    {
      "mode": "managed",
      "type": "aws_security_group",
      "name": "blockchain_node",
      "provider": "provider[\"registry.terraform.io/hashicorp/aws\"]",
      "instances": [
        {
          "schema_version": 1,
          "attributes": {
            "arn": "arn:aws:ec2:us-east-1:160813693969:security-group/sg-0fb5afb1371c840bc",
            "description": "Security group for XAI blockchain nodes",
            "egress": [
              {
                "cidr_blocks": [
                  "0.0.0.0/0"
                ],
                "description": "",
                "from_port": 0,
                "ipv6_cidr_blocks": [],
                "prefix_list_ids": [],
                "protocol": "-1",
                "security_groups": [],
                "self": false,
                "to_port": 0
              }
            ],
            "id": "sg-0fb5afb1371c840bc",
            "ingress": [
              {
                "cidr_blocks": [
                  "0.0.0.0/0"
                ],
                "description": "P2P blockchain communication",
                "from_port": 8333,
                "ipv6_cidr_blocks": [],
                "prefix_list_ids": [],
                "protocol": "tcp",
                "security_groups": [],
                "self": false,
                "to_port": 8333
              },
              {
                "cidr_blocks": [
                  "0.0.0.0/0"
                ],
                "description": "REST API",
                "from_port": 5000,
                "ipv6_cidr_blocks": [],
                "prefix_list_ids": [],
                "protocol": "tcp",
                "security_groups": [],
                "self": false,
                "to_port": 5000
              },
              {
                "cidr_blocks": [
                  "0.0.0.0/0"
                ],
                "description": "SSH access",
                "from_port": 22,
                "ipv6_cidr_blocks": [],
                "prefix_list_ids": [],
                "protocol": "tcp",
                "security_groups": [],
                "self": false,
                "to_port": 22
              },
              {
                "cidr_blocks": [
                  "10.0.0.0/16"
                ],
                "description": "Prometheus metrics",
                "from_port": 9090,
                "ipv6_cidr_blocks": [],
                "prefix_list_ids": [],
                "protocol": "tcp",
                "security_groups": [],
                "self": false,
                "to_port": 9090
              }
            ],
            "name": "xai-blockchain-node-sg",
            "name_prefix": "",
            "owner_id": "160813693969",
            "revoke_rules_on_delete": false,
            "tags": {
              "Name": "xai-blockchain-node-sg"
            },
            "tags_all": {
              "Environment": "testnet",
              "ManagedBy": "Terraform",
              "Name": "xai-blockchain-node-sg",
              "Project": "XAI-Blockchain"
            },
            "timeouts": null,
            "vpc_id": "vpc-0a19736eb2c4c5aa8"
          },
          "sensitive_attributes": [],
          "private": "eyJlMmJmYjczMC1lY2FhLTExZTYtOGY4OC0zNDM2M2JjN2M0YzAiOnsiY3JlYXRlIjo2MDAwMDAwMDAwMDAsImRlbGV0ZSI6OTAwMDAwMDAwMDAwfSwic2NoZW1hX3ZlcnNpb24iOiIxIn0=",
          "dependencies": [
            "module.vpc_primary.aws_vpc.this"
          ]
        }
      ]
    },
    {
      "module": "module.vpc_asia",
      "mode": "managed",
      "type": "aws_default_network_acl",
      "name": "this",
      "provider": "provider[\"registry.terraform.io/hashicorp/aws\"].asia",
      "instances": [
        {
          "index_key": 0,
          "schema_version": 0,
          "attributes": {
            "arn": "arn:aws:ec2:ap-southeast-1:160813693969:network-acl/acl-018fd9ae1d148fbf9",
            "default_network_acl_id": "acl-018fd9ae1d148fbf9",
            "egress": [
              {
                "action": "allow",
                "cidr_block": "",
                "from_port": 0,
                "icmp_code": 0,
                "icmp_type": 0,
                "ipv6_cidr_block": "::/0",
                "protocol": "-1",
                "rule_no": 101,
                "to_port": 0
              },
              {
                "action": "allow",
                "cidr_block": "0.0.0.0/0",
                "from_port": 0,
                "icmp_code": 0,
                "icmp_type": 0,
                "ipv6_cidr_block": "",
                "protocol": "-1",
                "rule_no": 100,
                "to_port": 0
              }
            ],
            "id": "acl-018fd9ae1d148fbf9",
            "ingress": [
              {
                "action": "allow",
                "cidr_block": "",
                "from_port": 0,
                "icmp_code": 0,
                "icmp_type": 0,
                "ipv6_cidr_block": "::/0",
                "protocol": "-1",
                "rule_no": 101,
                "to_port": 0
              },
              {
                "action": "allow",
                "cidr_block": "0.0.0.0/0",
                "from_port": 0,
                "icmp_code": 0,
                "icmp_type": 0,
                "ipv6_cidr_block": "",
                "protocol": "-1",
                "rule_no": 100,
                "to_port": 0
              }
            ],
            "owner_id": "160813693969",
            "subnet_ids": [
              "subnet-0016f63bb14094994",
              "subnet-0c1f22639ec1547c1",
              "subnet-0e3e2c67035c652e8",
              "subnet-0eaccf9684f8a8f41"
            ],
            "tags": {
              "Name": "xai-testnet-vpc-asia"
            },
            "tags_all": {
              "Environment": "testnet",
              "ManagedBy": "Terraform",
              "Name": "xai-testnet-vpc-asia",
              "Project": "XAI-Blockchain"
            },
            "vpc_id": "vpc-0f5d05635e191d199"
          },
          "sensitive_attributes": [],
          "private": "bnVsbA==",
          "dependencies": [
            "module.vpc_asia.aws_vpc.this"
          ]
        }
      ]
    },
    {
      "module": "module.vpc_asia",
      "mode": "managed",
      "type": "aws_default_route_table",
      "name": "default",
      "provider": "provider[\"registry.terraform.io/hashicorp/aws\"].asia",
      "instances": [
        {
          "index_key": 0,
          "schema_version": 0,
          "attributes": {
            "arn": "arn:aws:ec2:ap-southeast-1:160813693969:route-table/rtb-06d4e3c200b307587",
            "default_route_table_id": "rtb-06d4e3c200b307587",
            "id": "rtb-06d4e3c200b307587",
            "owner_id": "160813693969",
            "propagating_vgws": [],
            "route": [],
            "tags": {
              "Name": "xai-testnet-vpc-asia"
            },
            "tags_all": {
              "Environment": "testnet",
              "ManagedBy": "Terraform",
              "Name": "xai-testnet-vpc-asia",
              "Project": "XAI-Blockchain"
            },
            "timeouts": {
              "create": "5m",
              "update": "5m"
            },
            "vpc_id": "vpc-0f5d05635e191d199"
          },
          "sensitive_attributes": [],
          "private": "eyJlMmJmYjczMC1lY2FhLTExZTYtOGY4OC0zNDM2M2JjN2M0YzAiOnsiY3JlYXRlIjozMDAwMDAwMDAwMDAsInVwZGF0ZSI6MzAwMDAwMDAwMDAwfX0=",
          "dependencies": [
            "module.vpc_asia.aws_vpc.this"
          ]
        }
      ]
    },
    {
      "module": "module.vpc_asia",
      "mode": "managed",
      "type": "aws_default_security_group",
      "name": "this",
      "provider": "provider[\"registry.terraform.io/hashicorp/aws\"].asia",
      "instances": [
        {
          "index_key": 0,
          "schema_version": 1,
          "attributes": {
            "arn": "arn:aws:ec2:ap-southeast-1:160813693969:security-group/sg-049a650a24dd03218",
            "description": "default VPC security group",
            "egress": [],
            "id": "sg-049a650a24dd03218",
            "ingress": [],
            "name": "default",
            "name_prefix": "",
            "owner_id": "160813693969",
            "revoke_rules_on_delete": false,
            "tags": {
              "Name": "xai-testnet-vpc-asia"
            },
            "tags_all": {
              "Environment": "testnet",
              "ManagedBy": "Terraform",
              "Name": "xai-testnet-vpc-asia",
              "Project": "XAI-Blockchain"
            },
            "vpc_id": "vpc-0f5d05635e191d199"
          },
          "sensitive_attributes": [],
          "private": "eyJzY2hlbWFfdmVyc2lvbiI6IjEifQ==",
          "dependencies": [
            "module.vpc_asia.aws_vpc.this"
          ]
        }
      ]
    },
    {
      "module": "module.vpc_asia",
      "mode": "managed",
      "type": "aws_eip",
      "name": "nat",
      "provider": "provider[\"registry.terraform.io/hashicorp/aws\"].asia",
      "instances": [
        {
          "index_key": 0,
          "schema_version": 0,
          "attributes": {
            "address": null,
            "allocation_id": "eipalloc-0c07aee2c95231ba8",
            "arn": "arn:aws:ec2:ap-southeast-1:160813693969:elastic-ip/eipalloc-0c07aee2c95231ba8",
            "associate_with_private_ip": null,
            "association_id": "eipassoc-08b3444bee8359997",
            "carrier_ip": "",
            "customer_owned_ip": "",
            "customer_owned_ipv4_pool": "",
            "domain": "vpc",
            "id": "eipalloc-0c07aee2c95231ba8",
            "instance": "",
            "ipam_pool_id": null,
            "network_border_group": "ap-southeast-1",
            "network_interface": "eni-0fde2da66db5579e7",
            "private_dns": "ip-10-2-101-198.ap-southeast-1.compute.internal",
            "private_ip": "10.2.101.198",
            "ptr_record": "",
            "public_dns": "ec2-47-130-222-197.ap-southeast-1.compute.amazonaws.com",
            "public_ip": "47.130.222.197",
            "public_ipv4_pool": "amazon",
            "tags": {
              "Name": "xai-testnet-vpc-asia"
            },
            "tags_all": {
              "Environment": "testnet",
              "ManagedBy": "Terraform",
              "Name": "xai-testnet-vpc-asia",
              "Project": "XAI-Blockchain"
            },
            "timeouts": null,
            "vpc": true
          },
          "sensitive_attributes": [],
          "private": "eyJlMmJmYjczMC1lY2FhLTExZTYtOGY4OC0zNDM2M2JjN2M0YzAiOnsiZGVsZXRlIjoxODAwMDAwMDAwMDAsInJlYWQiOjkwMDAwMDAwMDAwMCwidXBkYXRlIjozMDAwMDAwMDAwMDB9fQ==",
          "dependencies": [
            "module.vpc_asia.aws_internet_gateway.this",
            "module.vpc_asia.aws_vpc.this",
            "module.vpc_asia.aws_vpc_ipv4_cidr_block_association.this"
          ]
        }
      ]
    },
    {
      "module": "module.vpc_asia",
      "mode": "managed",
      "type": "aws_internet_gateway",
      "name": "this",
      "provider": "provider[\"registry.terraform.io/hashicorp/aws\"].asia",
      "instances": [
        {
          "index_key": 0,
          "schema_version": 0,
          "attributes": {
            "arn": "arn:aws:ec2:ap-southeast-1:160813693969:internet-gateway/igw-07c041a6d9fb6e900",
            "id": "igw-07c041a6d9fb6e900",
            "owner_id": "160813693969",
            "tags": {
              "Name": "xai-testnet-vpc-asia"
            },
            "tags_all": {
              "Environment": "testnet",
              "ManagedBy": "Terraform",
              "Name": "xai-testnet-vpc-asia",
              "Project": "XAI-Blockchain"
            },
            "timeouts": null,
            "vpc_id": "vpc-0f5d05635e191d199"
          },
          "sensitive_attributes": [],
          "private": "eyJlMmJmYjczMC1lY2FhLTExZTYtOGY4OC0zNDM2M2JjN2M0YzAiOnsiY3JlYXRlIjoxMjAwMDAwMDAwMDAwLCJkZWxldGUiOjEyMDAwMDAwMDAwMDAsInVwZGF0ZSI6MTIwMDAwMDAwMDAwMH19",
          "dependencies": [
            "module.vpc_asia.aws_vpc.this",
            "module.vpc_asia.aws_vpc_ipv4_cidr_block_association.this"
          ]
        }
      ]
    },
    {
      "module": "module.vpc_asia",
      "mode": "managed",
      "type": "aws_nat_gateway",
      "name": "this",
      "provider": "provider[\"registry.terraform.io/hashicorp/aws\"].asia",
      "instances": [
        {
          "index_key": 0,
          "schema_version": 0,
          "attributes": {
            "allocation_id": "eipalloc-0c07aee2c95231ba8",
            "association_id": "eipassoc-08b3444bee8359997",
            "connectivity_type": "public",
            "id": "nat-0b827d1470a37c5e5",
            "network_interface_id": "eni-0fde2da66db5579e7",
            "private_ip": "10.2.101.198",
            "public_ip": "47.130.222.197",
            "secondary_allocation_ids": [],
            "secondary_private_ip_address_count": 0,
            "secondary_private_ip_addresses": [],
            "subnet_id": "subnet-0eaccf9684f8a8f41",
            "tags": {
              "Name": "xai-testnet-vpc-asia"
            },
            "tags_all": {
              "Environment": "testnet",
              "ManagedBy": "Terraform",
              "Name": "xai-testnet-vpc-asia",
              "Project": "XAI-Blockchain"
            },
            "timeouts": null
          },
          "sensitive_attributes": [],
          "private": "eyJlMmJmYjczMC1lY2FhLTExZTYtOGY4OC0zNDM2M2JjN2M0YzAiOnsiY3JlYXRlIjo2MDAwMDAwMDAwMDAsImRlbGV0ZSI6MTgwMDAwMDAwMDAwMCwidXBkYXRlIjo2MDAwMDAwMDAwMDB9fQ==",
          "dependencies": [
            "module.vpc_asia.aws_eip.nat",
            "module.vpc_asia.aws_internet_gateway.this",
            "module.vpc_asia.aws_subnet.public",
            "module.vpc_asia.aws_vpc.this",
            "module.vpc_asia.aws_vpc_ipv4_cidr_block_association.this"
          ]
        }
      ]
    },
    {
      "module": "module.vpc_asia",
      "mode": "managed",
      "type": "aws_route",
      "name": "private_nat_gateway",
      "provider": "provider[\"registry.terraform.io/hashicorp/aws\"].asia",
      "instances": [
        {
          "index_key": 0,
          "schema_version": 0,
          "attributes": {
            "carrier_gateway_id": "",
            "core_network_arn": "",
            "destination_cidr_block": "0.0.0.0/0",
            "destination_ipv6_cidr_block": "",
            "destination_prefix_list_id": "",
            "egress_only_gateway_id": "",
            "gateway_id": "",
            "id": "r-rtb-055753c72d529c9c21080289494",
            "instance_id": "",
            "instance_owner_id": "",
            "local_gateway_id": "",
            "nat_gateway_id": "nat-0b827d1470a37c5e5",
            "network_interface_id": "",
            "origin": "CreateRoute",
            "route_table_id": "rtb-055753c72d529c9c2",
            "state": "active",
            "timeouts": {
              "create": "5m",
              "delete": null,
              "update": null
            },
            "transit_gateway_id": "",
            "vpc_endpoint_id": "",
            "vpc_peering_connection_id": ""
          },
          "sensitive_attributes": [],
          "private": "eyJlMmJmYjczMC1lY2FhLTExZTYtOGY4OC0zNDM2M2JjN2M0YzAiOnsiY3JlYXRlIjozMDAwMDAwMDAwMDAsImRlbGV0ZSI6MzAwMDAwMDAwMDAwLCJ1cGRhdGUiOjEyMDAwMDAwMDAwMH19",
          "dependencies": [
            "module.vpc_asia.aws_eip.nat",
            "module.vpc_asia.aws_internet_gateway.this",
            "module.vpc_asia.aws_nat_gateway.this",
            "module.vpc_asia.aws_route_table.private",
            "module.vpc_asia.aws_subnet.public",
            "module.vpc_asia.aws_vpc.this",
            "module.vpc_asia.aws_vpc_ipv4_cidr_block_association.this"
          ]
        }
      ]
    },
    {
      "module": "module.vpc_asia",
      "mode": "managed",
      "type": "aws_route",
      "name": "public_internet_gateway",
      "provider": "provider[\"registry.terraform.io/hashicorp/aws\"].asia",
      "instances": [
        {
          "index_key": 0,
          "schema_version": 0,
          "attributes": {
            "carrier_gateway_id": "",
            "core_network_arn": "",
            "destination_cidr_block": "0.0.0.0/0",
            "destination_ipv6_cidr_block": "",
            "destination_prefix_list_id": "",
            "egress_only_gateway_id": "",
            "gateway_id": "igw-07c041a6d9fb6e900",
            "id": "r-rtb-087491e6b5dc9601c1080289494",
            "instance_id": "",
            "instance_owner_id": "",
            "local_gateway_id": "",
            "nat_gateway_id": "",
            "network_interface_id": "",
            "origin": "CreateRoute",
            "route_table_id": "rtb-087491e6b5dc9601c",
            "state": "active",
            "timeouts": {
              "create": "5m",
              "delete": null,
              "update": null
            },
            "transit_gateway_id": "",
            "vpc_endpoint_id": "",
            "vpc_peering_connection_id": ""
          },
          "sensitive_attributes": [],
          "private": "eyJlMmJmYjczMC1lY2FhLTExZTYtOGY4OC0zNDM2M2JjN2M0YzAiOnsiY3JlYXRlIjozMDAwMDAwMDAwMDAsImRlbGV0ZSI6MzAwMDAwMDAwMDAwLCJ1cGRhdGUiOjEyMDAwMDAwMDAwMH19",
          "dependencies": [
            "module.vpc_asia.aws_internet_gateway.this",
            "module.vpc_asia.aws_route_table.public",
            "module.vpc_asia.aws_vpc.this",
            "module.vpc_asia.aws_vpc_ipv4_cidr_block_association.this"
          ]
        }
      ]
    },
    {
      "module": "module.vpc_asia",
      "mode": "managed",
      "type": "aws_route_table",
      "name": "private",
      "provider": "provider[\"registry.terraform.io/hashicorp/aws\"].asia",
      "instances": [
        {
          "index_key": 0,
          "schema_version": 0,
          "attributes": {
            "arn": "arn:aws:ec2:ap-southeast-1:160813693969:route-table/rtb-055753c72d529c9c2",
            "id": "rtb-055753c72d529c9c2",
            "owner_id": "160813693969",
            "propagating_vgws": [],
            "route": [
              {
                "carrier_gateway_id": "",
                "cidr_block": "0.0.0.0/0",
                "core_network_arn": "",
                "destination_prefix_list_id": "",
                "egress_only_gateway_id": "",
                "gateway_id": "",
                "ipv6_cidr_block": "",
                "local_gateway_id": "",
                "nat_gateway_id": "nat-0b827d1470a37c5e5",
                "network_interface_id": "",
                "transit_gateway_id": "",
                "vpc_endpoint_id": "",
                "vpc_peering_connection_id": ""
              }
            ],
            "tags": {
              "Name": "xai-testnet-vpc-asia"
            },
            "tags_all": {
              "Environment": "testnet",
              "ManagedBy": "Terraform",
              "Name": "xai-testnet-vpc-asia",
              "Project": "XAI-Blockchain"
            },
            "timeouts": null,
            "vpc_id": "vpc-0f5d05635e191d199"
          },
          "sensitive_attributes": [],
          "private": "eyJlMmJmYjczMC1lY2FhLTExZTYtOGY4OC0zNDM2M2JjN2M0YzAiOnsiY3JlYXRlIjozMDAwMDAwMDAwMDAsImRlbGV0ZSI6MzAwMDAwMDAwMDAwLCJ1cGRhdGUiOjEyMDAwMDAwMDAwMH19",
          "dependencies": [
            "module.vpc_asia.aws_vpc.this",
            "module.vpc_asia.aws_vpc_ipv4_cidr_block_association.this"
          ]
        }
      ]
    },
    {
      "module": "module.vpc_asia",
      "mode": "managed",
      "type": "aws_route_table",
      "name": "public",
      "provider": "provider[\"registry.terraform.io/hashicorp/aws\"].asia",
      "instances": [
        {
          "index_key": 0,
          "schema_version": 0,
          "attributes": {
            "arn": "arn:aws:ec2:ap-southeast-1:160813693969:route-table/rtb-087491e6b5dc9601c",
            "id": "rtb-087491e6b5dc9601c",
            "owner_id": "160813693969",
            "propagating_vgws": [],
            "route": [
              {
                "carrier_gateway_id": "",
                "cidr_block": "0.0.0.0/0",
                "core_network_arn": "",
                "destination_prefix_list_id": "",
                "egress_only_gateway_id": "",
                "gateway_id": "igw-07c041a6d9fb6e900",
                "ipv6_cidr_block": "",
                "local_gateway_id": "",
                "nat_gateway_id": "",
                "network_interface_id": "",
                "transit_gateway_id": "",
                "vpc_endpoint_id": "",
                "vpc_peering_connection_id": ""
              }
            ],
            "tags": {
              "Name": "xai-testnet-vpc-asia"
            },
            "tags_all": {
              "Environment": "testnet",
              "ManagedBy": "Terraform",
              "Name": "xai-testnet-vpc-asia",
              "Project": "XAI-Blockchain"
            },
            "timeouts": null,
            "vpc_id": "vpc-0f5d05635e191d199"
          },
          "sensitive_attributes": [],
          "private": "eyJlMmJmYjczMC1lY2FhLTExZTYtOGY4OC0zNDM2M2JjN2M0YzAiOnsiY3JlYXRlIjozMDAwMDAwMDAwMDAsImRlbGV0ZSI6MzAwMDAwMDAwMDAwLCJ1cGRhdGUiOjEyMDAwMDAwMDAwMH19",
          "dependencies": [
            "module.vpc_asia.aws_vpc.this",
            "module.vpc_asia.aws_vpc_ipv4_cidr_block_association.this"
          ]
        }
      ]
    },
    {
      "module": "module.vpc_asia",
      "mode": "managed",
      "type": "aws_route_table_association",
      "name": "private",
      "provider": "provider[\"registry.terraform.io/hashicorp/aws\"].asia",
      "instances": [
        {
          "index_key": 0,
          "schema_version": 0,
          "attributes": {
            "gateway_id": "",
            "id": "rtbassoc-0e07e19e8d3a6e69f",
            "route_table_id": "rtb-055753c72d529c9c2",
            "subnet_id": "subnet-0c1f22639ec1547c1",
            "timeouts": null
          },
          "sensitive_attributes": [],
          "private": "eyJlMmJmYjczMC1lY2FhLTExZTYtOGY4OC0zNDM2M2JjN2M0YzAiOnsiY3JlYXRlIjozMDAwMDAwMDAwMDAsImRlbGV0ZSI6MzAwMDAwMDAwMDAwLCJ1cGRhdGUiOjEyMDAwMDAwMDAwMH19",
          "dependencies": [
            "module.vpc_asia.aws_route_table.private",
            "module.vpc_asia.aws_subnet.private",
            "module.vpc_asia.aws_vpc.this",
            "module.vpc_asia.aws_vpc_ipv4_cidr_block_association.this"
          ]
        },
        {
          "index_key": 1,
          "schema_version": 0,
          "attributes": {
            "gateway_id": "",
            "id": "rtbassoc-00fadc065edd8dd24",
            "route_table_id": "rtb-055753c72d529c9c2",
            "subnet_id": "subnet-0016f63bb14094994",
            "timeouts": null
          },
          "sensitive_attributes": [],
          "private": "eyJlMmJmYjczMC1lY2FhLTExZTYtOGY4OC0zNDM2M2JjN2M0YzAiOnsiY3JlYXRlIjozMDAwMDAwMDAwMDAsImRlbGV0ZSI6MzAwMDAwMDAwMDAwLCJ1cGRhdGUiOjEyMDAwMDAwMDAwMH19",
          "dependencies": [
            "module.vpc_asia.aws_route_table.private",
            "module.vpc_asia.aws_subnet.private",
            "module.vpc_asia.aws_vpc.this",
            "module.vpc_asia.aws_vpc_ipv4_cidr_block_association.this"
          ]
        }
      ]
    },
    {
      "module": "module.vpc_asia",
      "mode": "managed",
      "type": "aws_route_table_association",
      "name": "public",
      "provider": "provider[\"registry.terraform.io/hashicorp/aws\"].asia",
      "instances": [
        {
          "index_key": 0,
          "schema_version": 0,
          "attributes": {
            "gateway_id": "",
            "id": "rtbassoc-026dbf1cf5d51ac62",
            "route_table_id": "rtb-087491e6b5dc9601c",
            "subnet_id": "subnet-0eaccf9684f8a8f41",
            "timeouts": null
          },
          "sensitive_attributes": [],
          "private": "eyJlMmJmYjczMC1lY2FhLTExZTYtOGY4OC0zNDM2M2JjN2M0YzAiOnsiY3JlYXRlIjozMDAwMDAwMDAwMDAsImRlbGV0ZSI6MzAwMDAwMDAwMDAwLCJ1cGRhdGUiOjEyMDAwMDAwMDAwMH19",
          "dependencies": [
            "module.vpc_asia.aws_route_table.public",
            "module.vpc_asia.aws_subnet.public",
            "module.vpc_asia.aws_vpc.this",
            "module.vpc_asia.aws_vpc_ipv4_cidr_block_association.this"
          ]
        },
        {
          "index_key": 1,
          "schema_version": 0,
          "attributes": {
            "gateway_id": "",
            "id": "rtbassoc-0d269cce0c64c5a14",
            "route_table_id": "rtb-087491e6b5dc9601c",
            "subnet_id": "subnet-0e3e2c67035c652e8",
            "timeouts": null
          },
          "sensitive_attributes": [],
          "private": "eyJlMmJmYjczMC1lY2FhLTExZTYtOGY4OC0zNDM2M2JjN2M0YzAiOnsiY3JlYXRlIjozMDAwMDAwMDAwMDAsImRlbGV0ZSI6MzAwMDAwMDAwMDAwLCJ1cGRhdGUiOjEyMDAwMDAwMDAwMH19",
          "dependencies": [
            "module.vpc_asia.aws_route_table.public",
            "module.vpc_asia.aws_subnet.public",
            "module.vpc_asia.aws_vpc.this",
            "module.vpc_asia.aws_vpc_ipv4_cidr_block_association.this"
          ]
        }
      ]
    },
    {
      "module": "module.vpc_asia",
      "mode": "managed",
      "type": "aws_subnet",
      "name": "private",
      "provider": "provider[\"registry.terraform.io/hashicorp/aws\"].asia",
      "instances": [
        {
          "index_key": 0,
          "schema_version": 1,
          "attributes": {
            "arn": "arn:aws:ec2:ap-southeast-1:160813693969:subnet/subnet-0c1f22639ec1547c1",
            "assign_ipv6_address_on_creation": false,
            "availability_zone": "ap-southeast-1a",
            "availability_zone_id": "apse1-az2",
            "cidr_block": "10.2.1.0/24",
            "customer_owned_ipv4_pool": "",
            "enable_dns64": false,
            "enable_lni_at_device_index": 0,
            "enable_resource_name_dns_a_record_on_launch": false,
            "enable_resource_name_dns_aaaa_record_on_launch": false,
            "id": "subnet-0c1f22639ec1547c1",
            "ipv6_cidr_block": "",
            "ipv6_cidr_block_association_id": "",
            "ipv6_native": false,
            "map_customer_owned_ip_on_launch": false,
            "map_public_ip_on_launch": false,
            "outpost_arn": "",
            "owner_id": "160813693969",
            "private_dns_hostname_type_on_launch": "ip-name",
            "tags": {
              "Name": "xai-testnet-vpc-asia"
            },
            "tags_all": {
              "Environment": "testnet",
              "ManagedBy": "Terraform",
              "Name": "xai-testnet-vpc-asia",
              "Project": "XAI-Blockchain"
            },
            "timeouts": null,
            "vpc_id": "vpc-0f5d05635e191d199"
          },
          "sensitive_attributes": [],
          "private": "eyJlMmJmYjczMC1lY2FhLTExZTYtOGY4OC0zNDM2M2JjN2M0YzAiOnsiY3JlYXRlIjo2MDAwMDAwMDAwMDAsImRlbGV0ZSI6MTIwMDAwMDAwMDAwMH0sInNjaGVtYV92ZXJzaW9uIjoiMSJ9",
          "dependencies": [
            "module.vpc_asia.aws_vpc.this",
            "module.vpc_asia.aws_vpc_ipv4_cidr_block_association.this"
          ]
        },
        {
          "index_key": 1,
          "schema_version": 1,
          "attributes": {
            "arn": "arn:aws:ec2:ap-southeast-1:160813693969:subnet/subnet-0016f63bb14094994",
            "assign_ipv6_address_on_creation": false,
            "availability_zone": "ap-southeast-1b",
            "availability_zone_id": "apse1-az1",
            "cidr_block": "10.2.2.0/24",
            "customer_owned_ipv4_pool": "",
            "enable_dns64": false,
            "enable_lni_at_device_index": 0,
            "enable_resource_name_dns_a_record_on_launch": false,
            "enable_resource_name_dns_aaaa_record_on_launch": false,
            "id": "subnet-0016f63bb14094994",
            "ipv6_cidr_block": "",
            "ipv6_cidr_block_association_id": "",
            "ipv6_native": false,
            "map_customer_owned_ip_on_launch": false,
            "map_public_ip_on_launch": false,
            "outpost_arn": "",
            "owner_id": "160813693969",
            "private_dns_hostname_type_on_launch": "ip-name",
            "tags": {
              "Name": "xai-testnet-vpc-asia"
            },
            "tags_all": {
              "Environment": "testnet",
              "ManagedBy": "Terraform",
              "Name": "xai-testnet-vpc-asia",
              "Project": "XAI-Blockchain"
            },
            "timeouts": null,
            "vpc_id": "vpc-0f5d05635e191d199"
          },
          "sensitive_attributes": [],
          "private": "eyJlMmJmYjczMC1lY2FhLTExZTYtOGY4OC0zNDM2M2JjN2M0YzAiOnsiY3JlYXRlIjo2MDAwMDAwMDAwMDAsImRlbGV0ZSI6MTIwMDAwMDAwMDAwMH0sInNjaGVtYV92ZXJzaW9uIjoiMSJ9",
          "dependencies": [
            "module.vpc_asia.aws_vpc.this",
            "module.vpc_asia.aws_vpc_ipv4_cidr_block_association.this"
          ]
        }
      ]
    },
    {
      "module": "module.vpc_asia",
      "mode": "managed",
      "type": "aws_subnet",
      "name": "public",
      "provider": "provider[\"registry.terraform.io/hashicorp/aws\"].asia",
      "instances": [
        {
          "index_key": 0,
          "schema_version": 1,
          "attributes": {
            "arn": "arn:aws:ec2:ap-southeast-1:160813693969:subnet/subnet-0eaccf9684f8a8f41",
            "assign_ipv6_address_on_creation": false,
            "availability_zone": "ap-southeast-1a",
            "availability_zone_id": "apse1-az2",
            "cidr_block": "10.2.101.0/24",
            "customer_owned_ipv4_pool": "",
            "enable_dns64": false,
            "enable_lni_at_device_index": 0,
            "enable_resource_name_dns_a_record_on_launch": false,
            "enable_resource_name_dns_aaaa_record_on_launch": false,
            "id": "subnet-0eaccf9684f8a8f41",
            "ipv6_cidr_block": "",
            "ipv6_cidr_block_association_id": "",
            "ipv6_native": false,
            "map_customer_owned_ip_on_launch": false,
            "map_public_ip_on_launch": false,
            "outpost_arn": "",
            "owner_id": "160813693969",
            "private_dns_hostname_type_on_launch": "ip-name",
            "tags": {
              "Name": "xai-testnet-vpc-asia"
            },
            "tags_all": {
              "Environment": "testnet",
              "ManagedBy": "Terraform",
              "Name": "xai-testnet-vpc-asia",
              "Project": "XAI-Blockchain"
            },
            "timeouts": null,
            "vpc_id": "vpc-0f5d05635e191d199"
          },
          "sensitive_attributes": [],
          "private": "eyJlMmJmYjczMC1lY2FhLTExZTYtOGY4OC0zNDM2M2JjN2M0YzAiOnsiY3JlYXRlIjo2MDAwMDAwMDAwMDAsImRlbGV0ZSI6MTIwMDAwMDAwMDAwMH0sInNjaGVtYV92ZXJzaW9uIjoiMSJ9",
          "dependencies": [
            "module.vpc_asia.aws_vpc.this",
            "module.vpc_asia.aws_vpc_ipv4_cidr_block_association.this"
          ]
        },
        {
          "index_key": 1,
          "schema_version": 1,
          "attributes": {
            "arn": "arn:aws:ec2:ap-southeast-1:160813693969:subnet/subnet-0e3e2c67035c652e8",
            "assign_ipv6_address_on_creation": false,
            "availability_zone": "ap-southeast-1b",
            "availability_zone_id": "apse1-az1",
            "cidr_block": "10.2.102.0/24",
            "customer_owned_ipv4_pool": "",
            "enable_dns64": false,
            "enable_lni_at_device_index": 0,
            "enable_resource_name_dns_a_record_on_launch": false,
            "enable_resource_name_dns_aaaa_record_on_launch": false,
            "id": "subnet-0e3e2c67035c652e8",
            "ipv6_cidr_block": "",
            "ipv6_cidr_block_association_id": "",
            "ipv6_native": false,
            "map_customer_owned_ip_on_launch": false,
            "map_public_ip_on_launch": false,
            "outpost_arn": "",
            "owner_id": "160813693969",
            "private_dns_hostname_type_on_launch": "ip-name",
            "tags": {
              "Name": "xai-testnet-vpc-asia"
            },
            "tags_all": {
              "Environment": "testnet",
              "ManagedBy": "Terraform",
              "Name": "xai-testnet-vpc-asia",
              "Project": "XAI-Blockchain"
            },
            "timeouts": null,
            "vpc_id": "vpc-0f5d05635e191d199"
          },
          "sensitive_attributes": [],
          "private": "eyJlMmJmYjczMC1lY2FhLTExZTYtOGY4OC0zNDM2M2JjN2M0YzAiOnsiY3JlYXRlIjo2MDAwMDAwMDAwMDAsImRlbGV0ZSI6MTIwMDAwMDAwMDAwMH0sInNjaGVtYV92ZXJzaW9uIjoiMSJ9",
          "dependencies": [
            "module.vpc_asia.aws_vpc.this",
            "module.vpc_asia.aws_vpc_ipv4_cidr_block_association.this"
          ]
        }
      ]
    },
    {
      "module": "module.vpc_asia",
      "mode": "managed",
      "type": "aws_vpc",
      "name": "this",
      "provider": "provider[\"registry.terraform.io/hashicorp/aws\"].asia",
      "instances": [
        {
          "index_key": 0,
          "schema_version": 1,
          "attributes": {
            "arn": "arn:aws:ec2:ap-southeast-1:160813693969:vpc/vpc-0f5d05635e191d199",
            "assign_generated_ipv6_cidr_block": false,
            "cidr_block": "10.2.0.0/16",
            "default_network_acl_id": "acl-018fd9ae1d148fbf9",
            "default_route_table_id": "rtb-06d4e3c200b307587",
            "default_security_group_id": "sg-049a650a24dd03218",
            "dhcp_options_id": "dopt-09a7c2a0a1a640243",
            "enable_dns_hostnames": true,
            "enable_dns_support": true,
            "enable_network_address_usage_metrics": false,
            "id": "vpc-0f5d05635e191d199",
            "instance_tenancy": "default",
            "ipv4_ipam_pool_id": null,
            "ipv4_netmask_length": null,
            "ipv6_association_id": "",
            "ipv6_cidr_block": "",
            "ipv6_cidr_block_network_border_group": "",
            "ipv6_ipam_pool_id": "",
            "ipv6_netmask_length": 0,
            "main_route_table_id": "rtb-06d4e3c200b307587",
            "owner_id": "160813693969",
            "tags": {
              "Name": "xai-testnet-vpc-asia"
            },
            "tags_all": {
              "Environment": "testnet",
              "ManagedBy": "Terraform",
              "Name": "xai-testnet-vpc-asia",
              "Project": "XAI-Blockchain"
            }
          },
          "sensitive_attributes": [],
          "private": "eyJzY2hlbWFfdmVyc2lvbiI6IjEifQ=="
        }
      ]
    },
    {
      "module": "module.vpc_eu",
      "mode": "managed",
      "type": "aws_default_network_acl",
      "name": "this",
      "provider": "provider[\"registry.terraform.io/hashicorp/aws\"].eu",
      "instances": [
        {
          "index_key": 0,
          "schema_version": 0,
          "attributes": {
            "arn": "arn:aws:ec2:eu-west-1:160813693969:network-acl/acl-0244745c908d07c87",
            "default_network_acl_id": "acl-0244745c908d07c87",
            "egress": [
              {
                "action": "allow",
                "cidr_block": "",
                "from_port": 0,
                "icmp_code": 0,
                "icmp_type": 0,
                "ipv6_cidr_block": "::/0",
                "protocol": "-1",
                "rule_no": 101,
                "to_port": 0
              },
              {
                "action": "allow",
                "cidr_block": "0.0.0.0/0",
                "from_port": 0,
                "icmp_code": 0,
                "icmp_type": 0,
                "ipv6_cidr_block": "",
                "protocol": "-1",
                "rule_no": 100,
                "to_port": 0
              }
            ],
            "id": "acl-0244745c908d07c87",
            "ingress": [
              {
                "action": "allow",
                "cidr_block": "",
                "from_port": 0,
                "icmp_code": 0,
                "icmp_type": 0,
                "ipv6_cidr_block": "::/0",
                "protocol": "-1",
                "rule_no": 101,
                "to_port": 0
              },
              {
                "action": "allow",
                "cidr_block": "0.0.0.0/0",
                "from_port": 0,
                "icmp_code": 0,
                "icmp_type": 0,
                "ipv6_cidr_block": "",
                "protocol": "-1",
                "rule_no": 100,
                "to_port": 0
              }
            ],
            "owner_id": "160813693969",
            "subnet_ids": [
              "subnet-00b706ebf1e71425b",
              "subnet-0121777f196d16502",
              "subnet-0372ec3cc7496cd0d",
              "subnet-09b093754ff88330a"
            ],
            "tags": {
              "Name": "xai-testnet-vpc-eu"
            },
            "tags_all": {
              "Environment": "testnet",
              "ManagedBy": "Terraform",
              "Name": "xai-testnet-vpc-eu",
              "Project": "XAI-Blockchain"
            },
            "vpc_id": "vpc-0d868eee07dbeb6ca"
          },
          "sensitive_attributes": [],
          "private": "bnVsbA==",
          "dependencies": [
            "module.vpc_eu.aws_vpc.this"
          ]
        }
      ]
    },
    {
      "module": "module.vpc_eu",
      "mode": "managed",
      "type": "aws_default_route_table",
      "name": "default",
      "provider": "provider[\"registry.terraform.io/hashicorp/aws\"].eu",
      "instances": [
        {
          "index_key": 0,
          "schema_version": 0,
          "attributes": {
            "arn": "arn:aws:ec2:eu-west-1:160813693969:route-table/rtb-07a68c38b08c4fc53",
            "default_route_table_id": "rtb-07a68c38b08c4fc53",
            "id": "rtb-07a68c38b08c4fc53",
            "owner_id": "160813693969",
            "propagating_vgws": [],
            "route": [],
            "tags": {
              "Name": "xai-testnet-vpc-eu"
            },
            "tags_all": {
              "Environment": "testnet",
              "ManagedBy": "Terraform",
              "Name": "xai-testnet-vpc-eu",
              "Project": "XAI-Blockchain"
            },
            "timeouts": {
              "create": "5m",
              "update": "5m"
            },
            "vpc_id": "vpc-0d868eee07dbeb6ca"
          },
          "sensitive_attributes": [],
          "private": "eyJlMmJmYjczMC1lY2FhLTExZTYtOGY4OC0zNDM2M2JjN2M0YzAiOnsiY3JlYXRlIjozMDAwMDAwMDAwMDAsInVwZGF0ZSI6MzAwMDAwMDAwMDAwfX0=",
          "dependencies": [
            "module.vpc_eu.aws_vpc.this"
          ]
        }
      ]
    },
    {
      "module": "module.vpc_eu",
      "mode": "managed",
      "type": "aws_default_security_group",
      "name": "this",
      "provider": "provider[\"registry.terraform.io/hashicorp/aws\"].eu",
      "instances": [
        {
          "index_key": 0,
          "schema_version": 1,
          "attributes": {
            "arn": "arn:aws:ec2:eu-west-1:160813693969:security-group/sg-0f71053a2eceb6a05",
            "description": "default VPC security group",
            "egress": [],
            "id": "sg-0f71053a2eceb6a05",
            "ingress": [],
            "name": "default",
            "name_prefix": "",
            "owner_id": "160813693969",
            "revoke_rules_on_delete": false,
            "tags": {
              "Name": "xai-testnet-vpc-eu"
            },
            "tags_all": {
              "Environment": "testnet",
              "ManagedBy": "Terraform",
              "Name": "xai-testnet-vpc-eu",
              "Project": "XAI-Blockchain"
            },
            "vpc_id": "vpc-0d868eee07dbeb6ca"
          },
          "sensitive_attributes": [],
          "private": "eyJzY2hlbWFfdmVyc2lvbiI6IjEifQ==",
          "dependencies": [
            "module.vpc_eu.aws_vpc.this"
          ]
        }
      ]
    },
    {
      "module": "module.vpc_eu",
      "mode": "managed",
      "type": "aws_eip",
      "name": "nat",
      "provider": "provider[\"registry.terraform.io/hashicorp/aws\"].eu",
      "instances": [
        {
          "index_key": 0,
          "schema_version": 0,
          "attributes": {
            "address": null,
            "allocation_id": "eipalloc-0b0f78ad3932d67ed",
            "arn": "arn:aws:ec2:eu-west-1:160813693969:elastic-ip/eipalloc-0b0f78ad3932d67ed",
            "associate_with_private_ip": null,
            "association_id": "eipassoc-0b5e91599850782a9",
            "carrier_ip": "",
            "customer_owned_ip": "",
            "customer_owned_ipv4_pool": "",
            "domain": "vpc",
            "id": "eipalloc-0b0f78ad3932d67ed",
            "instance": "",
            "ipam_pool_id": null,
            "network_border_group": "eu-west-1",
            "network_interface": "eni-0f82a6bd2bcc609be",
            "private_dns": "ip-10-1-101-212.eu-west-1.compute.internal",
            "private_ip": "10.1.101.212",
            "ptr_record": "",
            "public_dns": "ec2-34-249-87-9.eu-west-1.compute.amazonaws.com",
            "public_ip": "34.249.87.9",
            "public_ipv4_pool": "amazon",
            "tags": {
              "Name": "xai-testnet-vpc-eu"
            },
            "tags_all": {
              "Environment": "testnet",
              "ManagedBy": "Terraform",
              "Name": "xai-testnet-vpc-eu",
              "Project": "XAI-Blockchain"
            },
            "timeouts": null,
            "vpc": true
          },
          "sensitive_attributes": [],
          "private": "eyJlMmJmYjczMC1lY2FhLTExZTYtOGY4OC0zNDM2M2JjN2M0YzAiOnsiZGVsZXRlIjoxODAwMDAwMDAwMDAsInJlYWQiOjkwMDAwMDAwMDAwMCwidXBkYXRlIjozMDAwMDAwMDAwMDB9fQ==",
          "dependencies": [
            "module.vpc_eu.aws_internet_gateway.this",
            "module.vpc_eu.aws_vpc.this",
            "module.vpc_eu.aws_vpc_ipv4_cidr_block_association.this"
          ]
        }
      ]
    },
    {
      "module": "module.vpc_eu",
      "mode": "managed",
      "type": "aws_internet_gateway",
      "name": "this",
      "provider": "provider[\"registry.terraform.io/hashicorp/aws\"].eu",
      "instances": [
        {
          "index_key": 0,
          "schema_version": 0,
          "attributes": {
            "arn": "arn:aws:ec2:eu-west-1:160813693969:internet-gateway/igw-0d9d09ee2fc3689fa",
            "id": "igw-0d9d09ee2fc3689fa",
            "owner_id": "160813693969",
            "tags": {
              "Name": "xai-testnet-vpc-eu"
            },
            "tags_all": {
              "Environment": "testnet",
              "ManagedBy": "Terraform",
              "Name": "xai-testnet-vpc-eu",
              "Project": "XAI-Blockchain"
            },
            "timeouts": null,
            "vpc_id": "vpc-0d868eee07dbeb6ca"
          },
          "sensitive_attributes": [],
          "private": "eyJlMmJmYjczMC1lY2FhLTExZTYtOGY4OC0zNDM2M2JjN2M0YzAiOnsiY3JlYXRlIjoxMjAwMDAwMDAwMDAwLCJkZWxldGUiOjEyMDAwMDAwMDAwMDAsInVwZGF0ZSI6MTIwMDAwMDAwMDAwMH19",
          "dependencies": [
            "module.vpc_eu.aws_vpc.this",
            "module.vpc_eu.aws_vpc_ipv4_cidr_block_association.this"
          ]
        }
      ]
    },
    {
      "module": "module.vpc_eu",
      "mode": "managed",
      "type": "aws_nat_gateway",
      "name": "this",
      "provider": "provider[\"registry.terraform.io/hashicorp/aws\"].eu",
      "instances": [
        {
          "index_key": 0,
          "schema_version": 0,
          "attributes": {
            "allocation_id": "eipalloc-0b0f78ad3932d67ed",
            "association_id": "eipassoc-0b5e91599850782a9",
            "connectivity_type": "public",
            "id": "nat-07592b29697964783",
            "network_interface_id": "eni-0f82a6bd2bcc609be",
            "private_ip": "10.1.101.212",
            "public_ip": "34.249.87.9",
            "secondary_allocation_ids": [],
            "secondary_private_ip_address_count": 0,
            "secondary_private_ip_addresses": [],
            "subnet_id": "subnet-0372ec3cc7496cd0d",
            "tags": {
              "Name": "xai-testnet-vpc-eu"
            },
            "tags_all": {
              "Environment": "testnet",
              "ManagedBy": "Terraform",
              "Name": "xai-testnet-vpc-eu",
              "Project": "XAI-Blockchain"
            },
            "timeouts": null
          },
          "sensitive_attributes": [],
          "private": "eyJlMmJmYjczMC1lY2FhLTExZTYtOGY4OC0zNDM2M2JjN2M0YzAiOnsiY3JlYXRlIjo2MDAwMDAwMDAwMDAsImRlbGV0ZSI6MTgwMDAwMDAwMDAwMCwidXBkYXRlIjo2MDAwMDAwMDAwMDB9fQ==",
          "dependencies": [
            "module.vpc_eu.aws_eip.nat",
            "module.vpc_eu.aws_internet_gateway.this",
            "module.vpc_eu.aws_subnet.public",
            "module.vpc_eu.aws_vpc.this",
            "module.vpc_eu.aws_vpc_ipv4_cidr_block_association.this"
          ]
        }
      ]
    },
    {
      "module": "module.vpc_eu",
      "mode": "managed",
      "type": "aws_route",
      "name": "private_nat_gateway",
      "provider": "provider[\"registry.terraform.io/hashicorp/aws\"].eu",
      "instances": [
        {
          "index_key": 0,
          "schema_version": 0,
          "attributes": {
            "carrier_gateway_id": "",
            "core_network_arn": "",
            "destination_cidr_block": "0.0.0.0/0",
            "destination_ipv6_cidr_block": "",
            "destination_prefix_list_id": "",
            "egress_only_gateway_id": "",
            "gateway_id": "",
            "id": "r-rtb-0f037e55e2781348e1080289494",
            "instance_id": "",
            "instance_owner_id": "",
            "local_gateway_id": "",
            "nat_gateway_id": "nat-07592b29697964783",
            "network_interface_id": "",
            "origin": "CreateRoute",
            "route_table_id": "rtb-0f037e55e2781348e",
            "state": "active",
            "timeouts": {
              "create": "5m",
              "delete": null,
              "update": null
            },
            "transit_gateway_id": "",
            "vpc_endpoint_id": "",
            "vpc_peering_connection_id": ""
          },
          "sensitive_attributes": [],
          "private": "eyJlMmJmYjczMC1lY2FhLTExZTYtOGY4OC0zNDM2M2JjN2M0YzAiOnsiY3JlYXRlIjozMDAwMDAwMDAwMDAsImRlbGV0ZSI6MzAwMDAwMDAwMDAwLCJ1cGRhdGUiOjEyMDAwMDAwMDAwMH19",
          "dependencies": [
            "module.vpc_eu.aws_eip.nat",
            "module.vpc_eu.aws_internet_gateway.this",
            "module.vpc_eu.aws_nat_gateway.this",
            "module.vpc_eu.aws_route_table.private",
            "module.vpc_eu.aws_subnet.public",
            "module.vpc_eu.aws_vpc.this",
            "module.vpc_eu.aws_vpc_ipv4_cidr_block_association.this"
          ]
        }
      ]
    },
    {
      "module": "module.vpc_eu",
      "mode": "managed",
      "type": "aws_route",
      "name": "public_internet_gateway",
      "provider": "provider[\"registry.terraform.io/hashicorp/aws\"].eu",
      "instances": [
        {
          "index_key": 0,
          "schema_version": 0,
          "attributes": {
            "carrier_gateway_id": "",
            "core_network_arn": "",
            "destination_cidr_block": "0.0.0.0/0",
            "destination_ipv6_cidr_block": "",
            "destination_prefix_list_id": "",
            "egress_only_gateway_id": "",
            "gateway_id": "igw-0d9d09ee2fc3689fa",
            "id": "r-rtb-0a873ea435e4e02331080289494",
            "instance_id": "",
            "instance_owner_id": "",
            "local_gateway_id": "",
            "nat_gateway_id": "",
            "network_interface_id": "",
            "origin": "CreateRoute",
            "route_table_id": "rtb-0a873ea435e4e0233",
            "state": "active",
            "timeouts": {
              "create": "5m",
              "delete": null,
              "update": null
            },
            "transit_gateway_id": "",
            "vpc_endpoint_id": "",
            "vpc_peering_connection_id": ""
          },
          "sensitive_attributes": [],
          "private": "eyJlMmJmYjczMC1lY2FhLTExZTYtOGY4OC0zNDM2M2JjN2M0YzAiOnsiY3JlYXRlIjozMDAwMDAwMDAwMDAsImRlbGV0ZSI6MzAwMDAwMDAwMDAwLCJ1cGRhdGUiOjEyMDAwMDAwMDAwMH19",
          "dependencies": [
            "module.vpc_eu.aws_internet_gateway.this",
            "module.vpc_eu.aws_route_table.public",
            "module.vpc_eu.aws_vpc.this",
            "module.vpc_eu.aws_vpc_ipv4_cidr_block_association.this"
          ]
        }
      ]
    },
    {
      "module": "module.vpc_eu",
      "mode": "managed",
      "type": "aws_route_table",
      "name": "private",
      "provider": "provider[\"registry.terraform.io/hashicorp/aws\"].eu",
      "instances": [
        {
          "index_key": 0,
          "schema_version": 0,
          "attributes": {
            "arn": "arn:aws:ec2:eu-west-1:160813693969:route-table/rtb-0f037e55e2781348e",
            "id": "rtb-0f037e55e2781348e",
            "owner_id": "160813693969",
            "propagating_vgws": [],
            "route": [
              {
                "carrier_gateway_id": "",
                "cidr_block": "0.0.0.0/0",
                "core_network_arn": "",
                "destination_prefix_list_id": "",
                "egress_only_gateway_id": "",
                "gateway_id": "",
                "ipv6_cidr_block": "",
                "local_gateway_id": "",
                "nat_gateway_id": "nat-07592b29697964783",
                "network_interface_id": "",
                "transit_gateway_id": "",
                "vpc_endpoint_id": "",
                "vpc_peering_connection_id": ""
              }
            ],
            "tags": {
              "Name": "xai-testnet-vpc-eu"
            },
            "tags_all": {
              "Environment": "testnet",
              "ManagedBy": "Terraform",
              "Name": "xai-testnet-vpc-eu",
              "Project": "XAI-Blockchain"
            },
            "timeouts": null,
            "vpc_id": "vpc-0d868eee07dbeb6ca"
          },
          "sensitive_attributes": [],
          "private": "eyJlMmJmYjczMC1lY2FhLTExZTYtOGY4OC0zNDM2M2JjN2M0YzAiOnsiY3JlYXRlIjozMDAwMDAwMDAwMDAsImRlbGV0ZSI6MzAwMDAwMDAwMDAwLCJ1cGRhdGUiOjEyMDAwMDAwMDAwMH19",
          "dependencies": [
            "module.vpc_eu.aws_vpc.this",
            "module.vpc_eu.aws_vpc_ipv4_cidr_block_association.this"
          ]
        }
      ]
    },
    {
      "module": "module.vpc_eu",
      "mode": "managed",
      "type": "aws_route_table",
      "name": "public",
      "provider": "provider[\"registry.terraform.io/hashicorp/aws\"].eu",
      "instances": [
        {
          "index_key": 0,
          "schema_version": 0,
          "attributes": {
            "arn": "arn:aws:ec2:eu-west-1:160813693969:route-table/rtb-0a873ea435e4e0233",
            "id": "rtb-0a873ea435e4e0233",
            "owner_id": "160813693969",
            "propagating_vgws": [],
            "route": [
              {
                "carrier_gateway_id": "",
                "cidr_block": "0.0.0.0/0",
                "core_network_arn": "",
                "destination_prefix_list_id": "",
                "egress_only_gateway_id": "",
                "gateway_id": "igw-0d9d09ee2fc3689fa",
                "ipv6_cidr_block": "",
                "local_gateway_id": "",
                "nat_gateway_id": "",
                "network_interface_id": "",
                "transit_gateway_id": "",
                "vpc_endpoint_id": "",
                "vpc_peering_connection_id": ""
              }
            ],
            "tags": {
              "Name": "xai-testnet-vpc-eu"
            },
            "tags_all": {
              "Environment": "testnet",
              "ManagedBy": "Terraform",
              "Name": "xai-testnet-vpc-eu",
              "Project": "XAI-Blockchain"
            },
            "timeouts": null,
            "vpc_id": "vpc-0d868eee07dbeb6ca"
          },
          "sensitive_attributes": [],
          "private": "eyJlMmJmYjczMC1lY2FhLTExZTYtOGY4OC0zNDM2M2JjN2M0YzAiOnsiY3JlYXRlIjozMDAwMDAwMDAwMDAsImRlbGV0ZSI6MzAwMDAwMDAwMDAwLCJ1cGRhdGUiOjEyMDAwMDAwMDAwMH19",
          "dependencies": [
            "module.vpc_eu.aws_vpc.this",
            "module.vpc_eu.aws_vpc_ipv4_cidr_block_association.this"
          ]
        }
      ]
    },
    {
      "module": "module.vpc_eu",
      "mode": "managed",
      "type": "aws_route_table_association",
      "name": "private",
      "provider": "provider[\"registry.terraform.io/hashicorp/aws\"].eu",
      "instances": [
        {
          "index_key": 0,
          "schema_version": 0,
          "attributes": {
            "gateway_id": "",
            "id": "rtbassoc-0cc9353e0cd49343c",
            "route_table_id": "rtb-0f037e55e2781348e",
            "subnet_id": "subnet-00b706ebf1e71425b",
            "timeouts": null
          },
          "sensitive_attributes": [],
          "private": "eyJlMmJmYjczMC1lY2FhLTExZTYtOGY4OC0zNDM2M2JjN2M0YzAiOnsiY3JlYXRlIjozMDAwMDAwMDAwMDAsImRlbGV0ZSI6MzAwMDAwMDAwMDAwLCJ1cGRhdGUiOjEyMDAwMDAwMDAwMH19",
          "dependencies": [
            "module.vpc_eu.aws_route_table.private",
            "module.vpc_eu.aws_subnet.private",
            "module.vpc_eu.aws_vpc.this",
            "module.vpc_eu.aws_vpc_ipv4_cidr_block_association.this"
          ]
        },
        {
          "index_key": 1,
          "schema_version": 0,
          "attributes": {
            "gateway_id": "",
            "id": "rtbassoc-0d0128e811318e25a",
            "route_table_id": "rtb-0f037e55e2781348e",
            "subnet_id": "subnet-09b093754ff88330a",
            "timeouts": null
          },
          "sensitive_attributes": [],
          "private": "eyJlMmJmYjczMC1lY2FhLTExZTYtOGY4OC0zNDM2M2JjN2M0YzAiOnsiY3JlYXRlIjozMDAwMDAwMDAwMDAsImRlbGV0ZSI6MzAwMDAwMDAwMDAwLCJ1cGRhdGUiOjEyMDAwMDAwMDAwMH19",
          "dependencies": [
            "module.vpc_eu.aws_route_table.private",
            "module.vpc_eu.aws_subnet.private",
            "module.vpc_eu.aws_vpc.this",
            "module.vpc_eu.aws_vpc_ipv4_cidr_block_association.this"
          ]
        }
      ]
    },
    {
      "module": "module.vpc_eu",
      "mode": "managed",
      "type": "aws_route_table_association",
      "name": "public",
      "provider": "provider[\"registry.terraform.io/hashicorp/aws\"].eu",
      "instances": [
        {
          "index_key": 0,
          "schema_version": 0,
          "attributes": {
            "gateway_id": "",
            "id": "rtbassoc-0b797c0b1e4c3a2f4",
            "route_table_id": "rtb-0a873ea435e4e0233",
            "subnet_id": "subnet-0372ec3cc7496cd0d",
            "timeouts": null
          },
          "sensitive_attributes": [],
          "private": "eyJlMmJmYjczMC1lY2FhLTExZTYtOGY4OC0zNDM2M2JjN2M0YzAiOnsiY3JlYXRlIjozMDAwMDAwMDAwMDAsImRlbGV0ZSI6MzAwMDAwMDAwMDAwLCJ1cGRhdGUiOjEyMDAwMDAwMDAwMH19",
          "dependencies": [
            "module.vpc_eu.aws_route_table.public",
            "module.vpc_eu.aws_subnet.public",
            "module.vpc_eu.aws_vpc.this",
            "module.vpc_eu.aws_vpc_ipv4_cidr_block_association.this"
          ]
        },
        {
          "index_key": 1,
          "schema_version": 0,
          "attributes": {
            "gateway_id": "",
            "id": "rtbassoc-07c82e6917f43c41e",
            "route_table_id": "rtb-0a873ea435e4e0233",
            "subnet_id": "subnet-0121777f196d16502",
            "timeouts": null
          },
          "sensitive_attributes": [],
          "private": "eyJlMmJmYjczMC1lY2FhLTExZTYtOGY4OC0zNDM2M2JjN2M0YzAiOnsiY3JlYXRlIjozMDAwMDAwMDAwMDAsImRlbGV0ZSI6MzAwMDAwMDAwMDAwLCJ1cGRhdGUiOjEyMDAwMDAwMDAwMH19",
          "dependencies": [
            "module.vpc_eu.aws_route_table.public",
            "module.vpc_eu.aws_subnet.public",
            "module.vpc_eu.aws_vpc.this",
            "module.vpc_eu.aws_vpc_ipv4_cidr_block_association.this"
          ]
        }
      ]
    },
    {
      "module": "module.vpc_eu",
      "mode": "managed",
      "type": "aws_subnet",
      "name": "private",
      "provider": "provider[\"registry.terraform.io/hashicorp/aws\"].eu",
      "instances": [
        {
          "index_key": 0,
          "schema_version": 1,
          "attributes": {
            "arn": "arn:aws:ec2:eu-west-1:160813693969:subnet/subnet-00b706ebf1e71425b",
            "assign_ipv6_address_on_creation": false,
            "availability_zone": "eu-west-1a",
            "availability_zone_id": "euw1-az2",
            "cidr_block": "10.1.1.0/24",
            "customer_owned_ipv4_pool": "",
            "enable_dns64": false,
            "enable_lni_at_device_index": 0,
            "enable_resource_name_dns_a_record_on_launch": false,
            "enable_resource_name_dns_aaaa_record_on_launch": false,
            "id": "subnet-00b706ebf1e71425b",
            "ipv6_cidr_block": "",
            "ipv6_cidr_block_association_id": "",
            "ipv6_native": false,
            "map_customer_owned_ip_on_launch": false,
            "map_public_ip_on_launch": false,
            "outpost_arn": "",
            "owner_id": "160813693969",
            "private_dns_hostname_type_on_launch": "ip-name",
            "tags": {
              "Name": "xai-testnet-vpc-eu"
            },
            "tags_all": {
              "Environment": "testnet",
              "ManagedBy": "Terraform",
              "Name": "xai-testnet-vpc-eu",
              "Project": "XAI-Blockchain"
            },
            "timeouts": null,
            "vpc_id": "vpc-0d868eee07dbeb6ca"
          },
          "sensitive_attributes": [],
          "private": "eyJlMmJmYjczMC1lY2FhLTExZTYtOGY4OC0zNDM2M2JjN2M0YzAiOnsiY3JlYXRlIjo2MDAwMDAwMDAwMDAsImRlbGV0ZSI6MTIwMDAwMDAwMDAwMH0sInNjaGVtYV92ZXJzaW9uIjoiMSJ9",
          "dependencies": [
            "module.vpc_eu.aws_vpc.this",
            "module.vpc_eu.aws_vpc_ipv4_cidr_block_association.this"
          ]
        },
        {
          "index_key": 1,
          "schema_version": 1,
          "attributes": {
            "arn": "arn:aws:ec2:eu-west-1:160813693969:subnet/subnet-09b093754ff88330a",
            "assign_ipv6_address_on_creation": false,
            "availability_zone": "eu-west-1b",
            "availability_zone_id": "euw1-az3",
            "cidr_block": "10.1.2.0/24",
            "customer_owned_ipv4_pool": "",
            "enable_dns64": false,
            "enable_lni_at_device_index": 0,
            "enable_resource_name_dns_a_record_on_launch": false,
            "enable_resource_name_dns_aaaa_record_on_launch": false,
            "id": "subnet-09b093754ff88330a",
            "ipv6_cidr_block": "",
            "ipv6_cidr_block_association_id": "",
            "ipv6_native": false,
            "map_customer_owned_ip_on_launch": false,
            "map_public_ip_on_launch": false,
            "outpost_arn": "",
            "owner_id": "160813693969",
            "private_dns_hostname_type_on_launch": "ip-name",
            "tags": {
              "Name": "xai-testnet-vpc-eu"
            },
            "tags_all": {
              "Environment": "testnet",
              "ManagedBy": "Terraform",
              "Name": "xai-testnet-vpc-eu",
              "Project": "XAI-Blockchain"
            },
            "timeouts": null,
            "vpc_id": "vpc-0d868eee07dbeb6ca"
          },
          "sensitive_attributes": [],
          "private": "eyJlMmJmYjczMC1lY2FhLTExZTYtOGY4OC0zNDM2M2JjN2M0YzAiOnsiY3JlYXRlIjo2MDAwMDAwMDAwMDAsImRlbGV0ZSI6MTIwMDAwMDAwMDAwMH0sInNjaGVtYV92ZXJzaW9uIjoiMSJ9",
          "dependencies": [
            "module.vpc_eu.aws_vpc.this",
            "module.vpc_eu.aws_vpc_ipv4_cidr_block_association.this"
          ]
        }
      ]
    },
    {
      "module": "module.vpc_eu",
      "mode": "managed",
      "type": "aws_subnet",
      "name": "public",
      "provider": "provider[\"registry.terraform.io/hashicorp/aws\"].eu",
      "instances": [
        {
          "index_key": 0,
          "schema_version": 1,
          "attributes": {
            "arn": "arn:aws:ec2:eu-west-1:160813693969:subnet/subnet-0372ec3cc7496cd0d",
            "assign_ipv6_address_on_creation": false,
            "availability_zone": "eu-west-1a",
            "availability_zone_id": "euw1-az2",
            "cidr_block": "10.1.101.0/24",
            "customer_owned_ipv4_pool": "",
            "enable_dns64": false,
            "enable_lni_at_device_index": 0,
            "enable_resource_name_dns_a_record_on_launch": false,
            "enable_resource_name_dns_aaaa_record_on_launch": false,
            "id": "subnet-0372ec3cc7496cd0d",
            "ipv6_cidr_block": "",
            "ipv6_cidr_block_association_id": "",
            "ipv6_native": false,
            "map_customer_owned_ip_on_launch": false,
            "map_public_ip_on_launch": false,
            "outpost_arn": "",
            "owner_id": "160813693969",
            "private_dns_hostname_type_on_launch": "ip-name",
            "tags": {
              "Name": "xai-testnet-vpc-eu"
            },
            "tags_all": {
              "Environment": "testnet",
              "ManagedBy": "Terraform",
              "Name": "xai-testnet-vpc-eu",
              "Project": "XAI-Blockchain"
            },
            "timeouts": null,
            "vpc_id": "vpc-0d868eee07dbeb6ca"
          },
          "sensitive_attributes": [],
          "private": "eyJlMmJmYjczMC1lY2FhLTExZTYtOGY4OC0zNDM2M2JjN2M0YzAiOnsiY3JlYXRlIjo2MDAwMDAwMDAwMDAsImRlbGV0ZSI6MTIwMDAwMDAwMDAwMH0sInNjaGVtYV92ZXJzaW9uIjoiMSJ9",
          "dependencies": [
            "module.vpc_eu.aws_vpc.this",
            "module.vpc_eu.aws_vpc_ipv4_cidr_block_association.this"
          ]
        },
        {
          "index_key": 1,
          "schema_version": 1,
          "attributes": {
            "arn": "arn:aws:ec2:eu-west-1:160813693969:subnet/subnet-0121777f196d16502",
            "assign_ipv6_address_on_creation": false,
            "availability_zone": "eu-west-1b",
            "availability_zone_id": "euw1-az3",
            "cidr_block": "10.1.102.0/24",
            "customer_owned_ipv4_pool": "",
            "enable_dns64": false,
            "enable_lni_at_device_index": 0,
            "enable_resource_name_dns_a_record_on_launch": false,
            "enable_resource_name_dns_aaaa_record_on_launch": false,
            "id": "subnet-0121777f196d16502",
            "ipv6_cidr_block": "",
            "ipv6_cidr_block_association_id": "",
            "ipv6_native": false,
            "map_customer_owned_ip_on_launch": false,
            "map_public_ip_on_launch": false,
            "outpost_arn": "",
            "owner_id": "160813693969",
            "private_dns_hostname_type_on_launch": "ip-name",
            "tags": {
              "Name": "xai-testnet-vpc-eu"
            },
            "tags_all": {
              "Environment": "testnet",
              "ManagedBy": "Terraform",
              "Name": "xai-testnet-vpc-eu",
              "Project": "XAI-Blockchain"
            },
            "timeouts": null,
            "vpc_id": "vpc-0d868eee07dbeb6ca"
          },
          "sensitive_attributes": [],
          "private": "eyJlMmJmYjczMC1lY2FhLTExZTYtOGY4OC0zNDM2M2JjN2M0YzAiOnsiY3JlYXRlIjo2MDAwMDAwMDAwMDAsImRlbGV0ZSI6MTIwMDAwMDAwMDAwMH0sInNjaGVtYV92ZXJzaW9uIjoiMSJ9",
          "dependencies": [
            "module.vpc_eu.aws_vpc.this",
            "module.vpc_eu.aws_vpc_ipv4_cidr_block_association.this"
          ]
        }
      ]
    },
    {
      "module": "module.vpc_eu",
      "mode": "managed",
      "type": "aws_vpc",
      "name": "this",
      "provider": "provider[\"registry.terraform.io/hashicorp/aws\"].eu",
      "instances": [
        {
          "index_key": 0,
          "schema_version": 1,
          "attributes": {
            "arn": "arn:aws:ec2:eu-west-1:160813693969:vpc/vpc-0d868eee07dbeb6ca",
            "assign_generated_ipv6_cidr_block": false,
            "cidr_block": "10.1.0.0/16",
            "default_network_acl_id": "acl-0244745c908d07c87",
            "default_route_table_id": "rtb-07a68c38b08c4fc53",
            "default_security_group_id": "sg-0f71053a2eceb6a05",
            "dhcp_options_id": "dopt-0dc5d304fc9e0ebac",
            "enable_dns_hostnames": true,
            "enable_dns_support": true,
            "enable_network_address_usage_metrics": false,
            "id": "vpc-0d868eee07dbeb6ca",
            "instance_tenancy": "default",
            "ipv4_ipam_pool_id": null,
            "ipv4_netmask_length": null,
            "ipv6_association_id": "",
            "ipv6_cidr_block": "",
            "ipv6_cidr_block_network_border_group": "",
            "ipv6_ipam_pool_id": "",
            "ipv6_netmask_length": 0,
            "main_route_table_id": "rtb-07a68c38b08c4fc53",
            "owner_id": "160813693969",
            "tags": {
              "Name": "xai-testnet-vpc-eu"
            },
            "tags_all": {
              "Environment": "testnet",
              "ManagedBy": "Terraform",
              "Name": "xai-testnet-vpc-eu",
              "Project": "XAI-Blockchain"
            }
          },
          "sensitive_attributes": [],
          "private": "eyJzY2hlbWFfdmVyc2lvbiI6IjEifQ=="
        }
      ]
    },
    {
      "module": "module.vpc_primary",
      "mode": "managed",
      "type": "aws_default_network_acl",
      "name": "this",
      "provider": "provider[\"registry.terraform.io/hashicorp/aws\"]",
      "instances": [
        {
          "index_key": 0,
          "schema_version": 0,
          "attributes": {
            "arn": "arn:aws:ec2:us-east-1:160813693969:network-acl/acl-026a76727cbba6e41",
            "default_network_acl_id": "acl-026a76727cbba6e41",
            "egress": [
              {
                "action": "allow",
                "cidr_block": "",
                "from_port": 0,
                "icmp_code": 0,
                "icmp_type": 0,
                "ipv6_cidr_block": "::/0",
                "protocol": "-1",
                "rule_no": 101,
                "to_port": 0
              },
              {
                "action": "allow",
                "cidr_block": "0.0.0.0/0",
                "from_port": 0,
                "icmp_code": 0,
                "icmp_type": 0,
                "ipv6_cidr_block": "",
                "protocol": "-1",
                "rule_no": 100,
                "to_port": 0
              }
            ],
            "id": "acl-026a76727cbba6e41",
            "ingress": [
              {
                "action": "allow",
                "cidr_block": "",
                "from_port": 0,
                "icmp_code": 0,
                "icmp_type": 0,
                "ipv6_cidr_block": "::/0",
                "protocol": "-1",
                "rule_no": 101,
                "to_port": 0
              },
              {
                "action": "allow",
                "cidr_block": "0.0.0.0/0",
                "from_port": 0,
                "icmp_code": 0,
                "icmp_type": 0,
                "ipv6_cidr_block": "",
                "protocol": "-1",
                "rule_no": 100,
                "to_port": 0
              }
            ],
            "owner_id": "160813693969",
            "subnet_ids": [
              "subnet-0304e235f3188f41c",
              "subnet-03f7881d92adf3d77",
              "subnet-05ebe242be426a4d8",
              "subnet-073d5b1ae1f711e98"
            ],
            "tags": {
              "Name": "xai-testnet-vpc-primary"
            },
            "tags_all": {
              "Environment": "testnet",
              "ManagedBy": "Terraform",
              "Name": "xai-testnet-vpc-primary",
              "Project": "XAI-Blockchain"
            },
            "vpc_id": "vpc-0a19736eb2c4c5aa8"
          },
          "sensitive_attributes": [],
          "private": "bnVsbA==",
          "dependencies": [
            "module.vpc_primary.aws_vpc.this"
          ]
        }
      ]
    },
    {
      "module": "module.vpc_primary",
      "mode": "managed",
      "type": "aws_default_route_table",
      "name": "default",
      "provider": "provider[\"registry.terraform.io/hashicorp/aws\"]",
      "instances": [
        {
          "index_key": 0,
          "schema_version": 0,
          "attributes": {
            "arn": "arn:aws:ec2:us-east-1:160813693969:route-table/rtb-00e022659e568435b",
            "default_route_table_id": "rtb-00e022659e568435b",
            "id": "rtb-00e022659e568435b",
            "owner_id": "160813693969",
            "propagating_vgws": [],
            "route": [],
            "tags": {
              "Name": "xai-testnet-vpc-primary"
            },
            "tags_all": {
              "Environment": "testnet",
              "ManagedBy": "Terraform",
              "Name": "xai-testnet-vpc-primary",
              "Project": "XAI-Blockchain"
            },
            "timeouts": {
              "create": "5m",
              "update": "5m"
            },
            "vpc_id": "vpc-0a19736eb2c4c5aa8"
          },
          "sensitive_attributes": [],
          "private": "eyJlMmJmYjczMC1lY2FhLTExZTYtOGY4OC0zNDM2M2JjN2M0YzAiOnsiY3JlYXRlIjozMDAwMDAwMDAwMDAsInVwZGF0ZSI6MzAwMDAwMDAwMDAwfX0=",
          "dependencies": [
            "module.vpc_primary.aws_vpc.this"
          ]
        }
      ]
    },
    {
      "module": "module.vpc_primary",
      "mode": "managed",
      "type": "aws_default_security_group",
      "name": "this",
      "provider": "provider[\"registry.terraform.io/hashicorp/aws\"]",
      "instances": [
        {
          "index_key": 0,
          "schema_version": 1,
          "attributes": {
            "arn": "arn:aws:ec2:us-east-1:160813693969:security-group/sg-0604f32057537d9be",
            "description": "default VPC security group",
            "egress": [],
            "id": "sg-0604f32057537d9be",
            "ingress": [],
            "name": "default",
            "name_prefix": "",
            "owner_id": "160813693969",
            "revoke_rules_on_delete": false,
            "tags": {
              "Name": "xai-testnet-vpc-primary"
            },
            "tags_all": {
              "Environment": "testnet",
              "ManagedBy": "Terraform",
              "Name": "xai-testnet-vpc-primary",
              "Project": "XAI-Blockchain"
            },
            "vpc_id": "vpc-0a19736eb2c4c5aa8"
          },
          "sensitive_attributes": [],
          "private": "eyJzY2hlbWFfdmVyc2lvbiI6IjEifQ==",
          "dependencies": [
            "module.vpc_primary.aws_vpc.this"
          ]
        }
      ]
    },
    {
      "module": "module.vpc_primary",
      "mode": "managed",
      "type": "aws_eip",
      "name": "nat",
      "provider": "provider[\"registry.terraform.io/hashicorp/aws\"]",
      "instances": [
        {
          "index_key": 0,
          "schema_version": 0,
          "attributes": {
            "address": null,
            "allocation_id": "eipalloc-0563fc219a0171602",
            "arn": "arn:aws:ec2:us-east-1:160813693969:elastic-ip/eipalloc-0563fc219a0171602",
            "associate_with_private_ip": null,
            "association_id": "eipassoc-0f92b4cca79b03708",
            "carrier_ip": "",
            "customer_owned_ip": "",
            "customer_owned_ipv4_pool": "",
            "domain": "vpc",
            "id": "eipalloc-0563fc219a0171602",
            "instance": "",
            "ipam_pool_id": null,
            "network_border_group": "us-east-1",
            "network_interface": "eni-039904841919e98f8",
            "private_dns": "ip-10-0-101-92.ec2.internal",
            "private_ip": "10.0.101.92",
            "ptr_record": "",
            "public_dns": "ec2-34-200-12-51.compute-1.amazonaws.com",
            "public_ip": "34.200.12.51",
            "public_ipv4_pool": "amazon",
            "tags": {
              "Name": "xai-testnet-vpc-primary"
            },
            "tags_all": {
              "Environment": "testnet",
              "ManagedBy": "Terraform",
              "Name": "xai-testnet-vpc-primary",
              "Project": "XAI-Blockchain"
            },
            "timeouts": null,
            "vpc": true
          },
          "sensitive_attributes": [],
          "private": "eyJlMmJmYjczMC1lY2FhLTExZTYtOGY4OC0zNDM2M2JjN2M0YzAiOnsiZGVsZXRlIjoxODAwMDAwMDAwMDAsInJlYWQiOjkwMDAwMDAwMDAwMCwidXBkYXRlIjozMDAwMDAwMDAwMDB9fQ==",
          "dependencies": [
            "module.vpc_primary.aws_internet_gateway.this",
            "module.vpc_primary.aws_vpc.this",
            "module.vpc_primary.aws_vpc_ipv4_cidr_block_association.this"
          ]
        }
      ]
    },
    {
      "module": "module.vpc_primary",
      "mode": "managed",
      "type": "aws_internet_gateway",
      "name": "this",
      "provider": "provider[\"registry.terraform.io/hashicorp/aws\"]",
      "instances": [
        {
          "index_key": 0,
          "schema_version": 0,
          "attributes": {
            "arn": "arn:aws:ec2:us-east-1:160813693969:internet-gateway/igw-064ed54f4cd48ac0f",
            "id": "igw-064ed54f4cd48ac0f",
            "owner_id": "160813693969",
            "tags": {
              "Name": "xai-testnet-vpc-primary"
            },
            "tags_all": {
              "Environment": "testnet",
              "ManagedBy": "Terraform",
              "Name": "xai-testnet-vpc-primary",
              "Project": "XAI-Blockchain"
            },
            "timeouts": null,
            "vpc_id": "vpc-0a19736eb2c4c5aa8"
          },
          "sensitive_attributes": [],
          "private": "eyJlMmJmYjczMC1lY2FhLTExZTYtOGY4OC0zNDM2M2JjN2M0YzAiOnsiY3JlYXRlIjoxMjAwMDAwMDAwMDAwLCJkZWxldGUiOjEyMDAwMDAwMDAwMDAsInVwZGF0ZSI6MTIwMDAwMDAwMDAwMH19",
          "dependencies": [
            "module.vpc_primary.aws_vpc.this",
            "module.vpc_primary.aws_vpc_ipv4_cidr_block_association.this"
          ]
        }
      ]
    },
    {
      "module": "module.vpc_primary",
      "mode": "managed",
      "type": "aws_nat_gateway",
      "name": "this",
      "provider": "provider[\"registry.terraform.io/hashicorp/aws\"]",
      "instances": [
        {
          "index_key": 0,
          "schema_version": 0,
          "attributes": {
            "allocation_id": "eipalloc-0563fc219a0171602",
            "association_id": "eipassoc-0f92b4cca79b03708",
            "connectivity_type": "public",
            "id": "nat-015b0f26186f95af6",
            "network_interface_id": "eni-039904841919e98f8",
            "private_ip": "10.0.101.92",
            "public_ip": "34.200.12.51",
            "secondary_allocation_ids": [],
            "secondary_private_ip_address_count": 0,
            "secondary_private_ip_addresses": [],
            "subnet_id": "subnet-05ebe242be426a4d8",
            "tags": {
              "Name": "xai-testnet-vpc-primary"
            },
            "tags_all": {
              "Environment": "testnet",
              "ManagedBy": "Terraform",
              "Name": "xai-testnet-vpc-primary",
              "Project": "XAI-Blockchain"
            },
            "timeouts": null
          },
          "sensitive_attributes": [],
          "private": "eyJlMmJmYjczMC1lY2FhLTExZTYtOGY4OC0zNDM2M2JjN2M0YzAiOnsiY3JlYXRlIjo2MDAwMDAwMDAwMDAsImRlbGV0ZSI6MTgwMDAwMDAwMDAwMCwidXBkYXRlIjo2MDAwMDAwMDAwMDB9fQ==",
          "dependencies": [
            "module.vpc_primary.aws_eip.nat",
            "module.vpc_primary.aws_internet_gateway.this",
            "module.vpc_primary.aws_subnet.public",
            "module.vpc_primary.aws_vpc.this",
            "module.vpc_primary.aws_vpc_ipv4_cidr_block_association.this"
          ]
        }
      ]
    },
    {
      "module": "module.vpc_primary",
      "mode": "managed",
      "type": "aws_route",
      "name": "private_nat_gateway",
      "provider": "provider[\"registry.terraform.io/hashicorp/aws\"]",
      "instances": [
        {
          "index_key": 0,
          "schema_version": 0,
          "attributes": {
            "carrier_gateway_id": "",
            "core_network_arn": "",
            "destination_cidr_block": "0.0.0.0/0",
            "destination_ipv6_cidr_block": "",
            "destination_prefix_list_id": "",
            "egress_only_gateway_id": "",
            "gateway_id": "",
            "id": "r-rtb-0608a7c7a54d37ad91080289494",
            "instance_id": "",
            "instance_owner_id": "",
            "local_gateway_id": "",
            "nat_gateway_id": "nat-015b0f26186f95af6",
            "network_interface_id": "",
            "origin": "CreateRoute",
            "route_table_id": "rtb-0608a7c7a54d37ad9",
            "state": "active",
            "timeouts": {
              "create": "5m",
              "delete": null,
              "update": null
            },
            "transit_gateway_id": "",
            "vpc_endpoint_id": "",
            "vpc_peering_connection_id": ""
          },
          "sensitive_attributes": [],
          "private": "eyJlMmJmYjczMC1lY2FhLTExZTYtOGY4OC0zNDM2M2JjN2M0YzAiOnsiY3JlYXRlIjozMDAwMDAwMDAwMDAsImRlbGV0ZSI6MzAwMDAwMDAwMDAwLCJ1cGRhdGUiOjEyMDAwMDAwMDAwMH19",
          "dependencies": [
            "module.vpc_primary.aws_eip.nat",
            "module.vpc_primary.aws_internet_gateway.this",
            "module.vpc_primary.aws_nat_gateway.this",
            "module.vpc_primary.aws_route_table.private",
            "module.vpc_primary.aws_subnet.public",
            "module.vpc_primary.aws_vpc.this",
            "module.vpc_primary.aws_vpc_ipv4_cidr_block_association.this"
          ]
        }
      ]
    },
    {
      "module": "module.vpc_primary",
      "mode": "managed",
      "type": "aws_route",
      "name": "public_internet_gateway",
      "provider": "provider[\"registry.terraform.io/hashicorp/aws\"]",
      "instances": [
        {
          "index_key": 0,
          "schema_version": 0,
          "attributes": {
            "carrier_gateway_id": "",
            "core_network_arn": "",
            "destination_cidr_block": "0.0.0.0/0",
            "destination_ipv6_cidr_block": "",
            "destination_prefix_list_id": "",
            "egress_only_gateway_id": "",
            "gateway_id": "igw-064ed54f4cd48ac0f",
            "id": "r-rtb-08f5b772103238a4d1080289494",
            "instance_id": "",
            "instance_owner_id": "",
            "local_gateway_id": "",
            "nat_gateway_id": "",
            "network_interface_id": "",
            "origin": "CreateRoute",
            "route_table_id": "rtb-08f5b772103238a4d",
            "state": "active",
            "timeouts": {
              "create": "5m",
              "delete": null,
              "update": null
            },
            "transit_gateway_id": "",
            "vpc_endpoint_id": "",
            "vpc_peering_connection_id": ""
          },
          "sensitive_attributes": [],
          "private": "eyJlMmJmYjczMC1lY2FhLTExZTYtOGY4OC0zNDM2M2JjN2M0YzAiOnsiY3JlYXRlIjozMDAwMDAwMDAwMDAsImRlbGV0ZSI6MzAwMDAwMDAwMDAwLCJ1cGRhdGUiOjEyMDAwMDAwMDAwMH19",
          "dependencies": [
            "module.vpc_primary.aws_internet_gateway.this",
            "module.vpc_primary.aws_route_table.public",
            "module.vpc_primary.aws_vpc.this",
            "module.vpc_primary.aws_vpc_ipv4_cidr_block_association.this"
          ]
        }
      ]
    },
    {
      "module": "module.vpc_primary",
      "mode": "managed",
      "type": "aws_route_table",
      "name": "private",
      "provider": "provider[\"registry.terraform.io/hashicorp/aws\"]",
      "instances": [
        {
          "index_key": 0,
          "schema_version": 0,
          "attributes": {
            "arn": "arn:aws:ec2:us-east-1:160813693969:route-table/rtb-0608a7c7a54d37ad9",
            "id": "rtb-0608a7c7a54d37ad9",
            "owner_id": "160813693969",
            "propagating_vgws": [],
            "route": [
              {
                "carrier_gateway_id": "",
                "cidr_block": "0.0.0.0/0",
                "core_network_arn": "",
                "destination_prefix_list_id": "",
                "egress_only_gateway_id": "",
                "gateway_id": "",
                "ipv6_cidr_block": "",
                "local_gateway_id": "",
                "nat_gateway_id": "nat-015b0f26186f95af6",
                "network_interface_id": "",
                "transit_gateway_id": "",
                "vpc_endpoint_id": "",
                "vpc_peering_connection_id": ""
              }
            ],
            "tags": {
              "Name": "xai-testnet-vpc-primary"
            },
            "tags_all": {
              "Environment": "testnet",
              "ManagedBy": "Terraform",
              "Name": "xai-testnet-vpc-primary",
              "Project": "XAI-Blockchain"
            },
            "timeouts": null,
            "vpc_id": "vpc-0a19736eb2c4c5aa8"
          },
          "sensitive_attributes": [],
          "private": "eyJlMmJmYjczMC1lY2FhLTExZTYtOGY4OC0zNDM2M2JjN2M0YzAiOnsiY3JlYXRlIjozMDAwMDAwMDAwMDAsImRlbGV0ZSI6MzAwMDAwMDAwMDAwLCJ1cGRhdGUiOjEyMDAwMDAwMDAwMH19",
          "dependencies": [
            "module.vpc_primary.aws_vpc.this",
            "module.vpc_primary.aws_vpc_ipv4_cidr_block_association.this"
          ]
        }
      ]
    },
    {
      "module": "module.vpc_primary",
      "mode": "managed",
      "type": "aws_route_table",
      "name": "public",
      "provider": "provider[\"registry.terraform.io/hashicorp/aws\"]",
      "instances": [
        {
          "index_key": 0,
          "schema_version": 0,
          "attributes": {
            "arn": "arn:aws:ec2:us-east-1:160813693969:route-table/rtb-08f5b772103238a4d",
            "id": "rtb-08f5b772103238a4d",
            "owner_id": "160813693969",
            "propagating_vgws": [],
            "route": [
              {
                "carrier_gateway_id": "",
                "cidr_block": "0.0.0.0/0",
                "core_network_arn": "",
                "destination_prefix_list_id": "",
                "egress_only_gateway_id": "",
                "gateway_id": "igw-064ed54f4cd48ac0f",
                "ipv6_cidr_block": "",
                "local_gateway_id": "",
                "nat_gateway_id": "",
                "network_interface_id": "",
                "transit_gateway_id": "",
                "vpc_endpoint_id": "",
                "vpc_peering_connection_id": ""
              }
            ],
            "tags": {
              "Name": "xai-testnet-vpc-primary"
            },
            "tags_all": {
              "Environment": "testnet",
              "ManagedBy": "Terraform",
              "Name": "xai-testnet-vpc-primary",
              "Project": "XAI-Blockchain"
            },
            "timeouts": null,
            "vpc_id": "vpc-0a19736eb2c4c5aa8"
          },
          "sensitive_attributes": [],
          "private": "eyJlMmJmYjczMC1lY2FhLTExZTYtOGY4OC0zNDM2M2JjN2M0YzAiOnsiY3JlYXRlIjozMDAwMDAwMDAwMDAsImRlbGV0ZSI6MzAwMDAwMDAwMDAwLCJ1cGRhdGUiOjEyMDAwMDAwMDAwMH19",
          "dependencies": [
            "module.vpc_primary.aws_vpc.this",
            "module.vpc_primary.aws_vpc_ipv4_cidr_block_association.this"
          ]
        }
      ]
    },
    {
      "module": "module.vpc_primary",
      "mode": "managed",
      "type": "aws_route_table_association",
      "name": "private",
      "provider": "provider[\"registry.terraform.io/hashicorp/aws\"]",
      "instances": [
        {
          "index_key": 0,
          "schema_version": 0,
          "attributes": {
            "gateway_id": "",
            "id": "rtbassoc-01126c41796beff78",
            "route_table_id": "rtb-0608a7c7a54d37ad9",
            "subnet_id": "subnet-03f7881d92adf3d77",
            "timeouts": null
          },
          "sensitive_attributes": [],
          "private": "eyJlMmJmYjczMC1lY2FhLTExZTYtOGY4OC0zNDM2M2JjN2M0YzAiOnsiY3JlYXRlIjozMDAwMDAwMDAwMDAsImRlbGV0ZSI6MzAwMDAwMDAwMDAwLCJ1cGRhdGUiOjEyMDAwMDAwMDAwMH19",
          "dependencies": [
            "module.vpc_primary.aws_route_table.private",
            "module.vpc_primary.aws_subnet.private",
            "module.vpc_primary.aws_vpc.this",
            "module.vpc_primary.aws_vpc_ipv4_cidr_block_association.this"
          ]
        },
        {
          "index_key": 1,
          "schema_version": 0,
          "attributes": {
            "gateway_id": "",
            "id": "rtbassoc-02a759f0a015d8d8c",
            "route_table_id": "rtb-0608a7c7a54d37ad9",
            "subnet_id": "subnet-073d5b1ae1f711e98",
            "timeouts": null
          },
          "sensitive_attributes": [],
          "private": "eyJlMmJmYjczMC1lY2FhLTExZTYtOGY4OC0zNDM2M2JjN2M0YzAiOnsiY3JlYXRlIjozMDAwMDAwMDAwMDAsImRlbGV0ZSI6MzAwMDAwMDAwMDAwLCJ1cGRhdGUiOjEyMDAwMDAwMDAwMH19",
          "dependencies": [
            "module.vpc_primary.aws_route_table.private",
            "module.vpc_primary.aws_subnet.private",
            "module.vpc_primary.aws_vpc.this",
            "module.vpc_primary.aws_vpc_ipv4_cidr_block_association.this"
          ]
        }
      ]
    },
    {
      "module": "module.vpc_primary",
      "mode": "managed",
      "type": "aws_route_table_association",
      "name": "public",
      "provider": "provider[\"registry.terraform.io/hashicorp/aws\"]",
      "instances": [
        {
          "index_key": 0,
          "schema_version": 0,
          "attributes": {
            "gateway_id": "",
            "id": "rtbassoc-01da8ff0b3012457c",
            "route_table_id": "rtb-08f5b772103238a4d",
            "subnet_id": "subnet-05ebe242be426a4d8",
            "timeouts": null
          },
          "sensitive_attributes": [],
          "private": "eyJlMmJmYjczMC1lY2FhLTExZTYtOGY4OC0zNDM2M2JjN2M0YzAiOnsiY3JlYXRlIjozMDAwMDAwMDAwMDAsImRlbGV0ZSI6MzAwMDAwMDAwMDAwLCJ1cGRhdGUiOjEyMDAwMDAwMDAwMH19",
          "dependencies": [
            "module.vpc_primary.aws_route_table.public",
            "module.vpc_primary.aws_subnet.public",
            "module.vpc_primary.aws_vpc.this",
            "module.vpc_primary.aws_vpc_ipv4_cidr_block_association.this"
          ]
        },
        {
          "index_key": 1,
          "schema_version": 0,
          "attributes": {
            "gateway_id": "",
            "id": "rtbassoc-0a72fc4e5f0e17230",
            "route_table_id": "rtb-08f5b772103238a4d",
            "subnet_id": "subnet-0304e235f3188f41c",
            "timeouts": null
          },
          "sensitive_attributes": [],
          "private": "eyJlMmJmYjczMC1lY2FhLTExZTYtOGY4OC0zNDM2M2JjN2M0YzAiOnsiY3JlYXRlIjozMDAwMDAwMDAwMDAsImRlbGV0ZSI6MzAwMDAwMDAwMDAwLCJ1cGRhdGUiOjEyMDAwMDAwMDAwMH19",
          "dependencies": [
            "module.vpc_primary.aws_route_table.public",
            "module.vpc_primary.aws_subnet.public",
            "module.vpc_primary.aws_vpc.this",
            "module.vpc_primary.aws_vpc_ipv4_cidr_block_association.this"
          ]
        }
      ]
    },
    {
      "module": "module.vpc_primary",
      "mode": "managed",
      "type": "aws_subnet",
      "name": "private",
      "provider": "provider[\"registry.terraform.io/hashicorp/aws\"]",
      "instances": [
        {
          "index_key": 0,
          "schema_version": 1,
          "attributes": {
            "arn": "arn:aws:ec2:us-east-1:160813693969:subnet/subnet-03f7881d92adf3d77",
            "assign_ipv6_address_on_creation": false,
            "availability_zone": "us-east-1a",
            "availability_zone_id": "use1-az1",
            "cidr_block": "10.0.1.0/24",
            "customer_owned_ipv4_pool": "",
            "enable_dns64": false,
            "enable_lni_at_device_index": 0,
            "enable_resource_name_dns_a_record_on_launch": false,
            "enable_resource_name_dns_aaaa_record_on_launch": false,
            "id": "subnet-03f7881d92adf3d77",
            "ipv6_cidr_block": "",
            "ipv6_cidr_block_association_id": "",
            "ipv6_native": false,
            "map_customer_owned_ip_on_launch": false,
            "map_public_ip_on_launch": false,
            "outpost_arn": "",
            "owner_id": "160813693969",
            "private_dns_hostname_type_on_launch": "ip-name",
            "tags": {
              "Name": "xai-testnet-vpc-primary"
            },
            "tags_all": {
              "Environment": "testnet",
              "ManagedBy": "Terraform",
              "Name": "xai-testnet-vpc-primary",
              "Project": "XAI-Blockchain"
            },
            "timeouts": null,
            "vpc_id": "vpc-0a19736eb2c4c5aa8"
          },
          "sensitive_attributes": [],
          "private": "eyJlMmJmYjczMC1lY2FhLTExZTYtOGY4OC0zNDM2M2JjN2M0YzAiOnsiY3JlYXRlIjo2MDAwMDAwMDAwMDAsImRlbGV0ZSI6MTIwMDAwMDAwMDAwMH0sInNjaGVtYV92ZXJzaW9uIjoiMSJ9",
          "dependencies": [
            "module.vpc_primary.aws_vpc.this",
            "module.vpc_primary.aws_vpc_ipv4_cidr_block_association.this"
          ]
        },
        {
          "index_key": 1,
          "schema_version": 1,
          "attributes": {
            "arn": "arn:aws:ec2:us-east-1:160813693969:subnet/subnet-073d5b1ae1f711e98",
            "assign_ipv6_address_on_creation": false,
            "availability_zone": "us-east-1b",
            "availability_zone_id": "use1-az2",
            "cidr_block": "10.0.2.0/24",
            "customer_owned_ipv4_pool": "",
            "enable_dns64": false,
            "enable_lni_at_device_index": 0,
            "enable_resource_name_dns_a_record_on_launch": false,
            "enable_resource_name_dns_aaaa_record_on_launch": false,
            "id": "subnet-073d5b1ae1f711e98",
            "ipv6_cidr_block": "",
            "ipv6_cidr_block_association_id": "",
            "ipv6_native": false,
            "map_customer_owned_ip_on_launch": false,
            "map_public_ip_on_launch": false,
            "outpost_arn": "",
            "owner_id": "160813693969",
            "private_dns_hostname_type_on_launch": "ip-name",
            "tags": {
              "Name": "xai-testnet-vpc-primary"
            },
            "tags_all": {
              "Environment": "testnet",
              "ManagedBy": "Terraform",
              "Name": "xai-testnet-vpc-primary",
              "Project": "XAI-Blockchain"
            },
            "timeouts": null,
            "vpc_id": "vpc-0a19736eb2c4c5aa8"
          },
          "sensitive_attributes": [],
          "private": "eyJlMmJmYjczMC1lY2FhLTExZTYtOGY4OC0zNDM2M2JjN2M0YzAiOnsiY3JlYXRlIjo2MDAwMDAwMDAwMDAsImRlbGV0ZSI6MTIwMDAwMDAwMDAwMH0sInNjaGVtYV92ZXJzaW9uIjoiMSJ9",
          "dependencies": [
            "module.vpc_primary.aws_vpc.this",
            "module.vpc_primary.aws_vpc_ipv4_cidr_block_association.this"
          ]
        }
      ]
    },
    {
      "module": "module.vpc_primary",
      "mode": "managed",
      "type": "aws_subnet",
      "name": "public",
      "provider": "provider[\"registry.terraform.io/hashicorp/aws\"]",
      "instances": [
        {
          "index_key": 0,
          "schema_version": 1,
          "attributes": {
            "arn": "arn:aws:ec2:us-east-1:160813693969:subnet/subnet-05ebe242be426a4d8",
            "assign_ipv6_address_on_creation": false,
            "availability_zone": "us-east-1a",
            "availability_zone_id": "use1-az1",
            "cidr_block": "10.0.101.0/24",
            "customer_owned_ipv4_pool": "",
            "enable_dns64": false,
            "enable_lni_at_device_index": 0,
            "enable_resource_name_dns_a_record_on_launch": false,
            "enable_resource_name_dns_aaaa_record_on_launch": false,
            "id": "subnet-05ebe242be426a4d8",
            "ipv6_cidr_block": "",
            "ipv6_cidr_block_association_id": "",
            "ipv6_native": false,
            "map_customer_owned_ip_on_launch": false,
            "map_public_ip_on_launch": false,
            "outpost_arn": "",
            "owner_id": "160813693969",
            "private_dns_hostname_type_on_launch": "ip-name",
            "tags": {
              "Name": "xai-testnet-vpc-primary"
            },
            "tags_all": {
              "Environment": "testnet",
              "ManagedBy": "Terraform",
              "Name": "xai-testnet-vpc-primary",
              "Project": "XAI-Blockchain"
            },
            "timeouts": null,
            "vpc_id": "vpc-0a19736eb2c4c5aa8"
          },
          "sensitive_attributes": [],
          "private": "eyJlMmJmYjczMC1lY2FhLTExZTYtOGY4OC0zNDM2M2JjN2M0YzAiOnsiY3JlYXRlIjo2MDAwMDAwMDAwMDAsImRlbGV0ZSI6MTIwMDAwMDAwMDAwMH0sInNjaGVtYV92ZXJzaW9uIjoiMSJ9",
          "dependencies": [
            "module.vpc_primary.aws_vpc.this",
            "module.vpc_primary.aws_vpc_ipv4_cidr_block_association.this"
          ]
        },
        {
          "index_key": 1,
          "schema_version": 1,
          "attributes": {
            "arn": "arn:aws:ec2:us-east-1:160813693969:subnet/subnet-0304e235f3188f41c",
            "assign_ipv6_address_on_creation": false,
            "availability_zone": "us-east-1b",
            "availability_zone_id": "use1-az2",
            "cidr_block": "10.0.102.0/24",
            "customer_owned_ipv4_pool": "",
            "enable_dns64": false,
            "enable_lni_at_device_index": 0,
            "enable_resource_name_dns_a_record_on_launch": false,
            "enable_resource_name_dns_aaaa_record_on_launch": false,
            "id": "subnet-0304e235f3188f41c",
            "ipv6_cidr_block": "",
            "ipv6_cidr_block_association_id": "",
            "ipv6_native": false,
            "map_customer_owned_ip_on_launch": false,
            "map_public_ip_on_launch": false,
            "outpost_arn": "",
            "owner_id": "160813693969",
            "private_dns_hostname_type_on_launch": "ip-name",
            "tags": {
              "Name": "xai-testnet-vpc-primary"
            },
            "tags_all": {
              "Environment": "testnet",
              "ManagedBy": "Terraform",
              "Name": "xai-testnet-vpc-primary",
              "Project": "XAI-Blockchain"
            },
            "timeouts": null,
            "vpc_id": "vpc-0a19736eb2c4c5aa8"
          },
          "sensitive_attributes": [],
          "private": "eyJlMmJmYjczMC1lY2FhLTExZTYtOGY4OC0zNDM2M2JjN2M0YzAiOnsiY3JlYXRlIjo2MDAwMDAwMDAwMDAsImRlbGV0ZSI6MTIwMDAwMDAwMDAwMH0sInNjaGVtYV92ZXJzaW9uIjoiMSJ9",
          "dependencies": [
            "module.vpc_primary.aws_vpc.this",
            "module.vpc_primary.aws_vpc_ipv4_cidr_block_association.this"
          ]
        }
      ]
    },
    {
      "module": "module.vpc_primary",
      "mode": "managed",
      "type": "aws_vpc",
      "name": "this",
      "provider": "provider[\"registry.terraform.io/hashicorp/aws\"]",
      "instances": [
        {
          "index_key": 0,
          "schema_version": 1,
          "attributes": {
            "arn": "arn:aws:ec2:us-east-1:160813693969:vpc/vpc-0a19736eb2c4c5aa8",
            "assign_generated_ipv6_cidr_block": false,
            "cidr_block": "10.0.0.0/16",
            "default_network_acl_id": "acl-026a76727cbba6e41",
            "default_route_table_id": "rtb-00e022659e568435b",
            "default_security_group_id": "sg-0604f32057537d9be",
            "dhcp_options_id": "dopt-0bfd9da5cb018bae6",
            "enable_dns_hostnames": true,
            "enable_dns_support": true,
            "enable_network_address_usage_metrics": false,
            "id": "vpc-0a19736eb2c4c5aa8",
            "instance_tenancy": "default",
            "ipv4_ipam_pool_id": null,
            "ipv4_netmask_length": null,
            "ipv6_association_id": "",
            "ipv6_cidr_block": "",
            "ipv6_cidr_block_network_border_group": "",
            "ipv6_ipam_pool_id": "",
            "ipv6_netmask_length": 0,
            "main_route_table_id": "rtb-00e022659e568435b",
            "owner_id": "160813693969",
            "tags": {
              "Name": "xai-testnet-vpc-primary"
            },
            "tags_all": {
              "Environment": "testnet",
              "ManagedBy": "Terraform",
              "Name": "xai-testnet-vpc-primary",
              "Project": "XAI-Blockchain"
            }
          },
          "sensitive_attributes": [],
          "private": "eyJzY2hlbWFfdmVyc2lvbiI6IjEifQ=="
        }
      ]
    }
  ],
  "check_results": null
}
